// !$*UTF8*$!
{
	archiveVersion = 1;
	classes = {
	};
	objectVersion = 56;
	objects = {

/* Begin PBXBuildFile section */
		3F02D9222BE3683F00655004 /* HouseholdProfileViewController.swift in Sources */ = {isa = PBXBuildFile; fileRef = 3F02D9212BE3683F00655004 /* HouseholdProfileViewController.swift */; };
		3F02D9242BE376D200655004 /* HouseholdProfileCollectionViewCell.swift in Sources */ = {isa = PBXBuildFile; fileRef = 3F02D9232BE376D200655004 /* HouseholdProfileCollectionViewCell.swift */; };
		3F29CCC02BE2CB50002A6425 /* InventoryNavigationController.swift in Sources */ = {isa = PBXBuildFile; fileRef = 3F29CCBF2BE2CB4F002A6425 /* InventoryNavigationController.swift */; };
		3F29CCC42BE2CC02002A6425 /* QuickAddViewController.swift in Sources */ = {isa = PBXBuildFile; fileRef = 3F29CCC32BE2CC02002A6425 /* QuickAddViewController.swift */; };
		3F29CCC62BE2CC21002A6425 /* QuickAddTableViewCell.swift in Sources */ = {isa = PBXBuildFile; fileRef = 3F29CCC52BE2CC21002A6425 /* QuickAddTableViewCell.swift */; };
		3F29CCC92BE2EAE6002A6425 /* HouseholdViewController.swift in Sources */ = {isa = PBXBuildFile; fileRef = 3F29CCC82BE2EAE6002A6425 /* HouseholdViewController.swift */; };
		3F29CCCB2BE2EAF1002A6425 /* HouseholdCollectionViewCell.swift in Sources */ = {isa = PBXBuildFile; fileRef = 3F29CCCA2BE2EAF1002A6425 /* HouseholdCollectionViewCell.swift */; };
		3F3875112BE23F3A00F96D88 /* ExpiredCollectionViewCell.swift in Sources */ = {isa = PBXBuildFile; fileRef = 3F3875102BE23F3A00F96D88 /* ExpiredCollectionViewCell.swift */; };
		3F39B7B02BE755670010D3CB /* FSCalendar in Frameworks */ = {isa = PBXBuildFile; productRef = 3F39B7AF2BE755670010D3CB /* FSCalendar */; };
		3F39B7B22BE764CB0010D3CB /* BadgeViewController.swift in Sources */ = {isa = PBXBuildFile; fileRef = 3F39B7B12BE764CB0010D3CB /* BadgeViewController.swift */; };
		3F462D482BE264A80077BD42 /* AccountTableViewCell.swift in Sources */ = {isa = PBXBuildFile; fileRef = 3F462D472BE264A80077BD42 /* AccountTableViewCell.swift */; };
		3F462D4A2BE264B90077BD42 /* AccountViewController.swift in Sources */ = {isa = PBXBuildFile; fileRef = 3F462D492BE264B90077BD42 /* AccountViewController.swift */; };
		3F462D4C2BE271FA0077BD42 /* AccountSmallTableViewCell.swift in Sources */ = {isa = PBXBuildFile; fileRef = 3F462D4B2BE271FA0077BD42 /* AccountSmallTableViewCell.swift */; };
		3F4A51702BD944E200F5B930 /* InventoryStorageTableViewCell.swift in Sources */ = {isa = PBXBuildFile; fileRef = 3F4A516F2BD944E200F5B930 /* InventoryStorageTableViewCell.swift */; };
		3F4B87112BE24672007D77AF /* ExpiredTableViewCell.swift in Sources */ = {isa = PBXBuildFile; fileRef = 3F4B87102BE24672007D77AF /* ExpiredTableViewCell.swift */; };
		3F5618EC2BDAE56300CC6B8F /* CustomAlertController.swift in Sources */ = {isa = PBXBuildFile; fileRef = 3F5618EB2BDAE56300CC6B8F /* CustomAlertController.swift */; };
		3F7BF50B2BD97EA30098FD33 /* InventoryStorageViewController.swift in Sources */ = {isa = PBXBuildFile; fileRef = 3F7BF50A2BD97EA30098FD33 /* InventoryStorageViewController.swift */; };
		3F7D21532BD14583003B3634 /* AppDelegate.swift in Sources */ = {isa = PBXBuildFile; fileRef = 3F7D21522BD14583003B3634 /* AppDelegate.swift */; };
		3F7D21552BD14583003B3634 /* SceneDelegate.swift in Sources */ = {isa = PBXBuildFile; fileRef = 3F7D21542BD14583003B3634 /* SceneDelegate.swift */; };
		3F7D21572BD14583003B3634 /* ExpiringViewController.swift in Sources */ = {isa = PBXBuildFile; fileRef = 3F7D21562BD14583003B3634 /* ExpiringViewController.swift */; };
		3F7D215A2BD14583003B3634 /* Base in Resources */ = {isa = PBXBuildFile; fileRef = 3F7D21592BD14583003B3634 /* Base */; };
		3F7D215F2BD1458F003B3634 /* Base in Resources */ = {isa = PBXBuildFile; fileRef = 3F7D215E2BD1458F003B3634 /* Base */; };
		3F830C022BD8E9BD00E01E2C /* InventoryTableViewCell.swift in Sources */ = {isa = PBXBuildFile; fileRef = 3F830C012BD8E9BD00E01E2C /* InventoryTableViewCell.swift */; };
		3F830C042BD9018800E01E2C /* StorageLocation.swift in Sources */ = {isa = PBXBuildFile; fileRef = 3F830C032BD9018800E01E2C /* StorageLocation.swift */; };
		3F8A8C372BE67901006A285D /* Badge.swift in Sources */ = {isa = PBXBuildFile; fileRef = 3F8A8C362BE67901006A285D /* Badge.swift */; };
		3F8A8C392BE67C9E006A285D /* ExpiringNavigationViewController.swift in Sources */ = {isa = PBXBuildFile; fileRef = 3F8A8C382BE67C9E006A285D /* ExpiringNavigationViewController.swift */; };
		3F8A8C3B2BE67D79006A285D /* QuickAddNavigationViewController.swift in Sources */ = {isa = PBXBuildFile; fileRef = 3F8A8C3A2BE67D79006A285D /* QuickAddNavigationViewController.swift */; };
		3F8A8C3D2BE68015006A285D /* StoredTabBarController.swift in Sources */ = {isa = PBXBuildFile; fileRef = 3F8A8C3C2BE68015006A285D /* StoredTabBarController.swift */; };
		3F993F4D2BD8B9EC006FE29E /* Item.swift in Sources */ = {isa = PBXBuildFile; fileRef = 3F993F4C2BD8B9EC006FE29E /* Item.swift */; };
		3F993F4F2BD8C0AA006FE29E /* InventoryViewController.swift in Sources */ = {isa = PBXBuildFile; fileRef = 3F993F4E2BD8C0AA006FE29E /* InventoryViewController.swift */; };
		3F993F512BD8CBDA006FE29E /* InventoryCollectionViewCell.swift in Sources */ = {isa = PBXBuildFile; fileRef = 3F993F502BD8CBDA006FE29E /* InventoryCollectionViewCell.swift */; };
		3FAAE16B2BE35042006E524A /* HouseholdTableViewCell.swift in Sources */ = {isa = PBXBuildFile; fileRef = 3FAAE16A2BE35042006E524A /* HouseholdTableViewCell.swift */; };
		3FB2AA0C2BEB6556000BCFD2 /* BillViewController.swift in Sources */ = {isa = PBXBuildFile; fileRef = 3FB2AA0B2BEB6556000BCFD2 /* BillViewController.swift */; };
		3FB2AA0E2BEB6A15000BCFD2 /* BillButton.swift in Sources */ = {isa = PBXBuildFile; fileRef = 3FB2AA0D2BEB6A15000BCFD2 /* BillButton.swift */; };
		3FB2AA152BED2EA2000BCFD2 /* LoginViewController.swift in Sources */ = {isa = PBXBuildFile; fileRef = 3FB2AA142BED2EA2000BCFD2 /* LoginViewController.swift */; };
		3FB2AA172BED2EBE000BCFD2 /* RegisterViewController.swift in Sources */ = {isa = PBXBuildFile; fileRef = 3FB2AA162BED2EBE000BCFD2 /* RegisterViewController.swift */; };
		3FB2AA192BED3202000BCFD2 /* LoginNavigationController.swift in Sources */ = {isa = PBXBuildFile; fileRef = 3FB2AA182BED3202000BCFD2 /* LoginNavigationController.swift */; };
		3FB635EE2BDA45D700F75D29 /* ScanItemButton.swift in Sources */ = {isa = PBXBuildFile; fileRef = 3FB635ED2BDA45D700F75D29 /* ScanItemButton.swift */; };
		3FB8D74D2BDFC40200A5ADB9 /* CameraViewController.swift in Sources */ = {isa = PBXBuildFile; fileRef = 3FB8D74C2BDFC40200A5ADB9 /* CameraViewController.swift */; };
		3FBE9A802BE1FE2E00676303 /* ExpiringCollectionViewCell.swift in Sources */ = {isa = PBXBuildFile; fileRef = 3FBE9A7F2BE1FE2E00676303 /* ExpiringCollectionViewCell.swift */; };
		3FBF67F62BDA1C23005C58A9 /* SF-Pro-Rounded-Ultralight.otf in Resources */ = {isa = PBXBuildFile; fileRef = 3FBF67ED2BDA1C22005C58A9 /* SF-Pro-Rounded-Ultralight.otf */; };
		3FBF67F72BDA1C23005C58A9 /* SF-Pro-Rounded-Black.otf in Resources */ = {isa = PBXBuildFile; fileRef = 3FBF67EE2BDA1C22005C58A9 /* SF-Pro-Rounded-Black.otf */; };
		3FBF67F82BDA1C23005C58A9 /* SF-Pro-Rounded-Bold.otf in Resources */ = {isa = PBXBuildFile; fileRef = 3FBF67EF2BDA1C22005C58A9 /* SF-Pro-Rounded-Bold.otf */; };
		3FBF67F92BDA1C23005C58A9 /* SF-Pro-Rounded-Heavy.otf in Resources */ = {isa = PBXBuildFile; fileRef = 3FBF67F02BDA1C23005C58A9 /* SF-Pro-Rounded-Heavy.otf */; };
		3FBF67FA2BDA1C23005C58A9 /* SF-Pro-Rounded-Regular.otf in Resources */ = {isa = PBXBuildFile; fileRef = 3FBF67F12BDA1C23005C58A9 /* SF-Pro-Rounded-Regular.otf */; };
		3FBF67FB2BDA1C23005C58A9 /* SF-Pro-Rounded-Medium.otf in Resources */ = {isa = PBXBuildFile; fileRef = 3FBF67F22BDA1C23005C58A9 /* SF-Pro-Rounded-Medium.otf */; };
		3FBF67FC2BDA1C23005C58A9 /* SF-Pro-Rounded-Thin.otf in Resources */ = {isa = PBXBuildFile; fileRef = 3FBF67F32BDA1C23005C58A9 /* SF-Pro-Rounded-Thin.otf */; };
		3FBF67FD2BDA1C23005C58A9 /* SF-Pro-Rounded-Semibold.otf in Resources */ = {isa = PBXBuildFile; fileRef = 3FBF67F42BDA1C23005C58A9 /* SF-Pro-Rounded-Semibold.otf */; };
		3FBF67FE2BDA1C23005C58A9 /* SF-Pro-Rounded-Light.otf in Resources */ = {isa = PBXBuildFile; fileRef = 3FBF67F52BDA1C23005C58A9 /* SF-Pro-Rounded-Light.otf */; };
		3FC648622BE3458E000348A9 /* HouseHold.swift in Sources */ = {isa = PBXBuildFile; fileRef = 3FC648612BE3458E000348A9 /* HouseHold.swift */; };
		3FC648642BE345CA000348A9 /* User.swift in Sources */ = {isa = PBXBuildFile; fileRef = 3FC648632BE345CA000348A9 /* User.swift */; };
		3FCD0ADE2BE89F6F004F6A70 /* AccountHouseholdViewController.swift in Sources */ = {isa = PBXBuildFile; fileRef = 3FCD0ADD2BE89F6F004F6A70 /* AccountHouseholdViewController.swift */; };
		3FCD0AE02BE89F78004F6A70 /* AccountHouseholdTextFieldTableViewCell.swift in Sources */ = {isa = PBXBuildFile; fileRef = 3FCD0ADF2BE89F78004F6A70 /* AccountHouseholdTextFieldTableViewCell.swift */; };
		3FD0CA932BE61EE0001CA6C5 /* Assets.xcassets in Resources */ = {isa = PBXBuildFile; fileRef = 3FD0CA922BE61EE0001CA6C5 /* Assets.xcassets */; };
		3FD3E32C2BE23C59002ED762 /* ExpiredViewController.swift in Sources */ = {isa = PBXBuildFile; fileRef = 3FD3E32B2BE23C59002ED762 /* ExpiredViewController.swift */; };
		3FDD7AEB2BD7CAD5006F1A34 /* ExpiringTableViewCell.swift in Sources */ = {isa = PBXBuildFile; fileRef = 3FDD7AEA2BD7CAD5006F1A34 /* ExpiringTableViewCell.swift */; };
		3FE6A9122BE8B53A00D576A9 /* HouseholdNavigationController.swift in Sources */ = {isa = PBXBuildFile; fileRef = 3FE6A9112BE8B53A00D576A9 /* HouseholdNavigationController.swift */; };
		3FE6A9142BE8B54C00D576A9 /* AccountNavigationController.swift in Sources */ = {isa = PBXBuildFile; fileRef = 3FE6A9132BE8B54C00D576A9 /* AccountNavigationController.swift */; };
		3FE6A9162BE8BB7400D576A9 /* AccountHouseholdUserTableViewCell.swift in Sources */ = {isa = PBXBuildFile; fileRef = 3FE6A9152BE8BB7400D576A9 /* AccountHouseholdUserTableViewCell.swift */; };
		3FE6A9182BE8C2C500D576A9 /* AccountHouseholdCodeTableViewCell.swift in Sources */ = {isa = PBXBuildFile; fileRef = 3FE6A9172BE8C2C500D576A9 /* AccountHouseholdCodeTableViewCell.swift */; };
		3FEE65532BED47C1002662F9 /* FirebaseAnalytics in Frameworks */ = {isa = PBXBuildFile; productRef = 3FEE65522BED47C1002662F9 /* FirebaseAnalytics */; };
		3FEE65552BED47C1002662F9 /* FirebaseAnalyticsWithoutAdIdSupport in Frameworks */ = {isa = PBXBuildFile; productRef = 3FEE65542BED47C1002662F9 /* FirebaseAnalyticsWithoutAdIdSupport */; };
		3FEE65572BED47C1002662F9 /* FirebaseAuth in Frameworks */ = {isa = PBXBuildFile; productRef = 3FEE65562BED47C1002662F9 /* FirebaseAuth */; };
		3FEE65592BED47C1002662F9 /* FirebaseDatabase in Frameworks */ = {isa = PBXBuildFile; productRef = 3FEE65582BED47C1002662F9 /* FirebaseDatabase */; };
		3FEE655B2BED4B5C002662F9 /* GoogleService-Info.plist in Resources */ = {isa = PBXBuildFile; fileRef = 3FEE655A2BED4B5B002662F9 /* GoogleService-Info.plist */; };
		3FEE655D2BED57B6002662F9 /* DatabaseManager.swift in Sources */ = {isa = PBXBuildFile; fileRef = 3FEE655C2BED57B6002662F9 /* DatabaseManager.swift */; };
		3FEE655F2BED6613002662F9 /* StorageManager.swift in Sources */ = {isa = PBXBuildFile; fileRef = 3FEE655E2BED6613002662F9 /* StorageManager.swift */; };
		3FEE65612BED67AE002662F9 /* FirebaseAuthCombine-Community in Frameworks */ = {isa = PBXBuildFile; productRef = 3FEE65602BED67AE002662F9 /* FirebaseAuthCombine-Community */; };
		3FEE65642BED688C002662F9 /* FirebaseStorage in Frameworks */ = {isa = PBXBuildFile; productRef = 3FEE65632BED688C002662F9 /* FirebaseStorage */; };
		3FEE65662BED8784002662F9 /* JoinOrCreateHouseholdViewController.swift in Sources */ = {isa = PBXBuildFile; fileRef = 3FEE65652BED8784002662F9 /* JoinOrCreateHouseholdViewController.swift */; };
/* End PBXBuildFile section */

/* Begin PBXFileReference section */
		3F02D9212BE3683F00655004 /* HouseholdProfileViewController.swift */ = {isa = PBXFileReference; lastKnownFileType = sourcecode.swift; path = HouseholdProfileViewController.swift; sourceTree = "<group>"; };
		3F02D9232BE376D200655004 /* HouseholdProfileCollectionViewCell.swift */ = {isa = PBXFileReference; lastKnownFileType = sourcecode.swift; path = HouseholdProfileCollectionViewCell.swift; sourceTree = "<group>"; };
		3F29CCBF2BE2CB4F002A6425 /* InventoryNavigationController.swift */ = {isa = PBXFileReference; fileEncoding = 4; lastKnownFileType = sourcecode.swift; path = InventoryNavigationController.swift; sourceTree = "<group>"; };
		3F29CCC32BE2CC02002A6425 /* QuickAddViewController.swift */ = {isa = PBXFileReference; lastKnownFileType = sourcecode.swift; path = QuickAddViewController.swift; sourceTree = "<group>"; };
		3F29CCC52BE2CC21002A6425 /* QuickAddTableViewCell.swift */ = {isa = PBXFileReference; lastKnownFileType = sourcecode.swift; path = QuickAddTableViewCell.swift; sourceTree = "<group>"; };
		3F29CCC82BE2EAE6002A6425 /* HouseholdViewController.swift */ = {isa = PBXFileReference; lastKnownFileType = sourcecode.swift; path = HouseholdViewController.swift; sourceTree = "<group>"; };
		3F29CCCA2BE2EAF1002A6425 /* HouseholdCollectionViewCell.swift */ = {isa = PBXFileReference; lastKnownFileType = sourcecode.swift; path = HouseholdCollectionViewCell.swift; sourceTree = "<group>"; };
		3F3875102BE23F3A00F96D88 /* ExpiredCollectionViewCell.swift */ = {isa = PBXFileReference; lastKnownFileType = sourcecode.swift; path = ExpiredCollectionViewCell.swift; sourceTree = "<group>"; };
		3F39B7B12BE764CB0010D3CB /* BadgeViewController.swift */ = {isa = PBXFileReference; lastKnownFileType = sourcecode.swift; path = BadgeViewController.swift; sourceTree = "<group>"; };
		3F462D472BE264A80077BD42 /* AccountTableViewCell.swift */ = {isa = PBXFileReference; lastKnownFileType = sourcecode.swift; path = AccountTableViewCell.swift; sourceTree = "<group>"; };
		3F462D492BE264B90077BD42 /* AccountViewController.swift */ = {isa = PBXFileReference; lastKnownFileType = sourcecode.swift; path = AccountViewController.swift; sourceTree = "<group>"; };
		3F462D4B2BE271FA0077BD42 /* AccountSmallTableViewCell.swift */ = {isa = PBXFileReference; lastKnownFileType = sourcecode.swift; path = AccountSmallTableViewCell.swift; sourceTree = "<group>"; };
		3F4A516F2BD944E200F5B930 /* InventoryStorageTableViewCell.swift */ = {isa = PBXFileReference; lastKnownFileType = sourcecode.swift; path = InventoryStorageTableViewCell.swift; sourceTree = "<group>"; };
		3F4B87102BE24672007D77AF /* ExpiredTableViewCell.swift */ = {isa = PBXFileReference; lastKnownFileType = sourcecode.swift; path = ExpiredTableViewCell.swift; sourceTree = "<group>"; };
		3F5618EB2BDAE56300CC6B8F /* CustomAlertController.swift */ = {isa = PBXFileReference; lastKnownFileType = sourcecode.swift; path = CustomAlertController.swift; sourceTree = "<group>"; };
		3F7BF50A2BD97EA30098FD33 /* InventoryStorageViewController.swift */ = {isa = PBXFileReference; lastKnownFileType = sourcecode.swift; path = InventoryStorageViewController.swift; sourceTree = "<group>"; };
		3F7D214F2BD14583003B3634 /* Stored.app */ = {isa = PBXFileReference; explicitFileType = wrapper.application; includeInIndex = 0; path = Stored.app; sourceTree = BUILT_PRODUCTS_DIR; };
		3F7D21522BD14583003B3634 /* AppDelegate.swift */ = {isa = PBXFileReference; lastKnownFileType = sourcecode.swift; path = AppDelegate.swift; sourceTree = "<group>"; };
		3F7D21542BD14583003B3634 /* SceneDelegate.swift */ = {isa = PBXFileReference; lastKnownFileType = sourcecode.swift; path = SceneDelegate.swift; sourceTree = "<group>"; };
		3F7D21562BD14583003B3634 /* ExpiringViewController.swift */ = {isa = PBXFileReference; lastKnownFileType = sourcecode.swift; path = ExpiringViewController.swift; sourceTree = "<group>"; };
		3F7D21592BD14583003B3634 /* Base */ = {isa = PBXFileReference; lastKnownFileType = file.storyboard; name = Base; path = Base.lproj/Main.storyboard; sourceTree = "<group>"; };
		3F7D215E2BD1458F003B3634 /* Base */ = {isa = PBXFileReference; lastKnownFileType = file.storyboard; name = Base; path = Base.lproj/LaunchScreen.storyboard; sourceTree = "<group>"; };
		3F7D21602BD1458F003B3634 /* Info.plist */ = {isa = PBXFileReference; lastKnownFileType = text.plist.xml; path = Info.plist; sourceTree = "<group>"; };
		3F830C012BD8E9BD00E01E2C /* InventoryTableViewCell.swift */ = {isa = PBXFileReference; lastKnownFileType = sourcecode.swift; path = InventoryTableViewCell.swift; sourceTree = "<group>"; };
		3F830C032BD9018800E01E2C /* StorageLocation.swift */ = {isa = PBXFileReference; lastKnownFileType = sourcecode.swift; path = StorageLocation.swift; sourceTree = "<group>"; };
		3F8A8C362BE67901006A285D /* Badge.swift */ = {isa = PBXFileReference; lastKnownFileType = sourcecode.swift; path = Badge.swift; sourceTree = "<group>"; };
		3F8A8C382BE67C9E006A285D /* ExpiringNavigationViewController.swift */ = {isa = PBXFileReference; lastKnownFileType = sourcecode.swift; path = ExpiringNavigationViewController.swift; sourceTree = "<group>"; };
		3F8A8C3A2BE67D79006A285D /* QuickAddNavigationViewController.swift */ = {isa = PBXFileReference; lastKnownFileType = sourcecode.swift; path = QuickAddNavigationViewController.swift; sourceTree = "<group>"; };
		3F8A8C3C2BE68015006A285D /* StoredTabBarController.swift */ = {isa = PBXFileReference; lastKnownFileType = sourcecode.swift; path = StoredTabBarController.swift; sourceTree = "<group>"; };
		3F993F4C2BD8B9EC006FE29E /* Item.swift */ = {isa = PBXFileReference; lastKnownFileType = sourcecode.swift; path = Item.swift; sourceTree = "<group>"; };
		3F993F4E2BD8C0AA006FE29E /* InventoryViewController.swift */ = {isa = PBXFileReference; lastKnownFileType = sourcecode.swift; path = InventoryViewController.swift; sourceTree = "<group>"; };
		3F993F502BD8CBDA006FE29E /* InventoryCollectionViewCell.swift */ = {isa = PBXFileReference; lastKnownFileType = sourcecode.swift; path = InventoryCollectionViewCell.swift; sourceTree = "<group>"; };
		3FAAE16A2BE35042006E524A /* HouseholdTableViewCell.swift */ = {isa = PBXFileReference; lastKnownFileType = sourcecode.swift; path = HouseholdTableViewCell.swift; sourceTree = "<group>"; };
		3FB2AA0B2BEB6556000BCFD2 /* BillViewController.swift */ = {isa = PBXFileReference; lastKnownFileType = sourcecode.swift; path = BillViewController.swift; sourceTree = "<group>"; };
		3FB2AA0D2BEB6A15000BCFD2 /* BillButton.swift */ = {isa = PBXFileReference; lastKnownFileType = sourcecode.swift; path = BillButton.swift; sourceTree = "<group>"; };
		3FB2AA142BED2EA2000BCFD2 /* LoginViewController.swift */ = {isa = PBXFileReference; lastKnownFileType = sourcecode.swift; path = LoginViewController.swift; sourceTree = "<group>"; };
		3FB2AA162BED2EBE000BCFD2 /* RegisterViewController.swift */ = {isa = PBXFileReference; lastKnownFileType = sourcecode.swift; path = RegisterViewController.swift; sourceTree = "<group>"; };
		3FB2AA182BED3202000BCFD2 /* LoginNavigationController.swift */ = {isa = PBXFileReference; lastKnownFileType = sourcecode.swift; path = LoginNavigationController.swift; sourceTree = "<group>"; };
		3FB635ED2BDA45D700F75D29 /* ScanItemButton.swift */ = {isa = PBXFileReference; lastKnownFileType = sourcecode.swift; path = ScanItemButton.swift; sourceTree = "<group>"; };
		3FB8D74C2BDFC40200A5ADB9 /* CameraViewController.swift */ = {isa = PBXFileReference; lastKnownFileType = sourcecode.swift; path = CameraViewController.swift; sourceTree = "<group>"; };
		3FBE9A7F2BE1FE2E00676303 /* ExpiringCollectionViewCell.swift */ = {isa = PBXFileReference; lastKnownFileType = sourcecode.swift; path = ExpiringCollectionViewCell.swift; sourceTree = "<group>"; };
		3FBF67ED2BDA1C22005C58A9 /* SF-Pro-Rounded-Ultralight.otf */ = {isa = PBXFileReference; lastKnownFileType = file; path = "SF-Pro-Rounded-Ultralight.otf"; sourceTree = "<group>"; };
		3FBF67EE2BDA1C22005C58A9 /* SF-Pro-Rounded-Black.otf */ = {isa = PBXFileReference; lastKnownFileType = file; path = "SF-Pro-Rounded-Black.otf"; sourceTree = "<group>"; };
		3FBF67EF2BDA1C22005C58A9 /* SF-Pro-Rounded-Bold.otf */ = {isa = PBXFileReference; lastKnownFileType = file; path = "SF-Pro-Rounded-Bold.otf"; sourceTree = "<group>"; };
		3FBF67F02BDA1C23005C58A9 /* SF-Pro-Rounded-Heavy.otf */ = {isa = PBXFileReference; lastKnownFileType = file; path = "SF-Pro-Rounded-Heavy.otf"; sourceTree = "<group>"; };
		3FBF67F12BDA1C23005C58A9 /* SF-Pro-Rounded-Regular.otf */ = {isa = PBXFileReference; lastKnownFileType = file; path = "SF-Pro-Rounded-Regular.otf"; sourceTree = "<group>"; };
		3FBF67F22BDA1C23005C58A9 /* SF-Pro-Rounded-Medium.otf */ = {isa = PBXFileReference; lastKnownFileType = file; path = "SF-Pro-Rounded-Medium.otf"; sourceTree = "<group>"; };
		3FBF67F32BDA1C23005C58A9 /* SF-Pro-Rounded-Thin.otf */ = {isa = PBXFileReference; lastKnownFileType = file; path = "SF-Pro-Rounded-Thin.otf"; sourceTree = "<group>"; };
		3FBF67F42BDA1C23005C58A9 /* SF-Pro-Rounded-Semibold.otf */ = {isa = PBXFileReference; lastKnownFileType = file; path = "SF-Pro-Rounded-Semibold.otf"; sourceTree = "<group>"; };
		3FBF67F52BDA1C23005C58A9 /* SF-Pro-Rounded-Light.otf */ = {isa = PBXFileReference; lastKnownFileType = file; path = "SF-Pro-Rounded-Light.otf"; sourceTree = "<group>"; };
		3FC648612BE3458E000348A9 /* HouseHold.swift */ = {isa = PBXFileReference; lastKnownFileType = sourcecode.swift; path = HouseHold.swift; sourceTree = "<group>"; };
		3FC648632BE345CA000348A9 /* User.swift */ = {isa = PBXFileReference; lastKnownFileType = sourcecode.swift; path = User.swift; sourceTree = "<group>"; };
		3FCD0ADD2BE89F6F004F6A70 /* AccountHouseholdViewController.swift */ = {isa = PBXFileReference; lastKnownFileType = sourcecode.swift; path = AccountHouseholdViewController.swift; sourceTree = "<group>"; };
		3FCD0ADF2BE89F78004F6A70 /* AccountHouseholdTextFieldTableViewCell.swift */ = {isa = PBXFileReference; lastKnownFileType = sourcecode.swift; path = AccountHouseholdTextFieldTableViewCell.swift; sourceTree = "<group>"; };
		3FD0CA922BE61EE0001CA6C5 /* Assets.xcassets */ = {isa = PBXFileReference; lastKnownFileType = folder.assetcatalog; path = Assets.xcassets; sourceTree = "<group>"; };
		3FD3E32B2BE23C59002ED762 /* ExpiredViewController.swift */ = {isa = PBXFileReference; lastKnownFileType = sourcecode.swift; path = ExpiredViewController.swift; sourceTree = "<group>"; };
		3FDD7AEA2BD7CAD5006F1A34 /* ExpiringTableViewCell.swift */ = {isa = PBXFileReference; lastKnownFileType = sourcecode.swift; path = ExpiringTableViewCell.swift; sourceTree = "<group>"; };
		3FE6A9112BE8B53A00D576A9 /* HouseholdNavigationController.swift */ = {isa = PBXFileReference; lastKnownFileType = sourcecode.swift; path = HouseholdNavigationController.swift; sourceTree = "<group>"; };
		3FE6A9132BE8B54C00D576A9 /* AccountNavigationController.swift */ = {isa = PBXFileReference; lastKnownFileType = sourcecode.swift; path = AccountNavigationController.swift; sourceTree = "<group>"; };
		3FE6A9152BE8BB7400D576A9 /* AccountHouseholdUserTableViewCell.swift */ = {isa = PBXFileReference; lastKnownFileType = sourcecode.swift; path = AccountHouseholdUserTableViewCell.swift; sourceTree = "<group>"; };
		3FE6A9172BE8C2C500D576A9 /* AccountHouseholdCodeTableViewCell.swift */ = {isa = PBXFileReference; lastKnownFileType = sourcecode.swift; path = AccountHouseholdCodeTableViewCell.swift; sourceTree = "<group>"; };
		3FEE655A2BED4B5B002662F9 /* GoogleService-Info.plist */ = {isa = PBXFileReference; fileEncoding = 4; lastKnownFileType = text.plist.xml; path = "GoogleService-Info.plist"; sourceTree = "<group>"; };
		3FEE655C2BED57B6002662F9 /* DatabaseManager.swift */ = {isa = PBXFileReference; lastKnownFileType = sourcecode.swift; path = DatabaseManager.swift; sourceTree = "<group>"; };
		3FEE655E2BED6613002662F9 /* StorageManager.swift */ = {isa = PBXFileReference; lastKnownFileType = sourcecode.swift; path = StorageManager.swift; sourceTree = "<group>"; };
		3FEE65652BED8784002662F9 /* JoinOrCreateHouseholdViewController.swift */ = {isa = PBXFileReference; lastKnownFileType = sourcecode.swift; path = JoinOrCreateHouseholdViewController.swift; sourceTree = "<group>"; };
/* End PBXFileReference section */

/* Begin PBXFrameworksBuildPhase section */
		3F7D214C2BD14583003B3634 /* Frameworks */ = {
			isa = PBXFrameworksBuildPhase;
			buildActionMask = 2147483647;
			files = (
				3FEE65592BED47C1002662F9 /* FirebaseDatabase in Frameworks */,
				3FEE65612BED67AE002662F9 /* FirebaseAuthCombine-Community in Frameworks */,
				3FEE65532BED47C1002662F9 /* FirebaseAnalytics in Frameworks */,
				3FEE65552BED47C1002662F9 /* FirebaseAnalyticsWithoutAdIdSupport in Frameworks */,
				3FEE65642BED688C002662F9 /* FirebaseStorage in Frameworks */,
				3F39B7B02BE755670010D3CB /* FSCalendar in Frameworks */,
				3FEE65572BED47C1002662F9 /* FirebaseAuth in Frameworks */,
			);
			runOnlyForDeploymentPostprocessing = 0;
		};
/* End PBXFrameworksBuildPhase section */

/* Begin PBXGroup section */
		3F29CCBD2BE2CAC0002A6425 /* Views */ = {
			isa = PBXGroup;
			children = (
				3FBE9A7F2BE1FE2E00676303 /* ExpiringCollectionViewCell.swift */,
				3FDD7AEA2BD7CAD5006F1A34 /* ExpiringTableViewCell.swift */,
				3F3875102BE23F3A00F96D88 /* ExpiredCollectionViewCell.swift */,
				3F4B87102BE24672007D77AF /* ExpiredTableViewCell.swift */,
				3F993F502BD8CBDA006FE29E /* InventoryCollectionViewCell.swift */,
				3F830C012BD8E9BD00E01E2C /* InventoryTableViewCell.swift */,
				3F4A516F2BD944E200F5B930 /* InventoryStorageTableViewCell.swift */,
				3F29CCC52BE2CC21002A6425 /* QuickAddTableViewCell.swift */,
				3F29CCCA2BE2EAF1002A6425 /* HouseholdCollectionViewCell.swift */,
				3FAAE16A2BE35042006E524A /* HouseholdTableViewCell.swift */,
				3F02D9232BE376D200655004 /* HouseholdProfileCollectionViewCell.swift */,
				3F462D472BE264A80077BD42 /* AccountTableViewCell.swift */,
				3F462D4B2BE271FA0077BD42 /* AccountSmallTableViewCell.swift */,
				3FCD0ADF2BE89F78004F6A70 /* AccountHouseholdTextFieldTableViewCell.swift */,
				3FE6A9152BE8BB7400D576A9 /* AccountHouseholdUserTableViewCell.swift */,
				3FE6A9172BE8C2C500D576A9 /* AccountHouseholdCodeTableViewCell.swift */,
			);
			path = Views;
			sourceTree = "<group>";
		};
		3F7D21462BD14583003B3634 = {
			isa = PBXGroup;
			children = (
				3FBF67EC2BDA1BFE005C58A9 /* Fonts */,
				3F7D21512BD14583003B3634 /* Stored */,
				3F7D21502BD14583003B3634 /* Products */,
				3FEE65622BED688C002662F9 /* Frameworks */,
			);
			sourceTree = "<group>";
		};
		3F7D21502BD14583003B3634 /* Products */ = {
			isa = PBXGroup;
			children = (
				3F7D214F2BD14583003B3634 /* Stored.app */,
			);
			name = Products;
			sourceTree = "<group>";
		};
		3F7D21512BD14583003B3634 /* Stored */ = {
			isa = PBXGroup;
			children = (
				3F9756B62BF2163000D3C8A7 /* Resources */,
				3FB2AA132BED2E8F000BCFD2 /* Managers */,
				3F9756B52BF2159600D3C8A7 /* Controllers */,
				3F29CCBD2BE2CAC0002A6425 /* Views */,
				3F993F4B2BD8B9D3006FE29E /* Data Models */,
				3FCFBDB12BDA450300ABB9BF /* Button */,
				3FEE655A2BED4B5B002662F9 /* GoogleService-Info.plist */,
				3F7D21602BD1458F003B3634 /* Info.plist */,
				3FD0CA922BE61EE0001CA6C5 /* Assets.xcassets */,
			);
			path = Stored;
			sourceTree = "<group>";
		};
		3F9756B52BF2159600D3C8A7 /* Controllers */ = {
			isa = PBXGroup;
			children = (
				3F8A8C3C2BE68015006A285D /* StoredTabBarController.swift */,
				3FB2AA182BED3202000BCFD2 /* LoginNavigationController.swift */,
				3FB2AA142BED2EA2000BCFD2 /* LoginViewController.swift */,
				3FB2AA162BED2EBE000BCFD2 /* RegisterViewController.swift */,
				3FEE65652BED8784002662F9 /* JoinOrCreateHouseholdViewController.swift */,
				3F8A8C382BE67C9E006A285D /* ExpiringNavigationViewController.swift */,
				3F7D21562BD14583003B3634 /* ExpiringViewController.swift */,
				3FD3E32B2BE23C59002ED762 /* ExpiredViewController.swift */,
				3F29CCBF2BE2CB4F002A6425 /* InventoryNavigationController.swift */,
				3F993F4E2BD8C0AA006FE29E /* InventoryViewController.swift */,
				3F7BF50A2BD97EA30098FD33 /* InventoryStorageViewController.swift */,
				3FB2AA0B2BEB6556000BCFD2 /* BillViewController.swift */,
				3FB8D74C2BDFC40200A5ADB9 /* CameraViewController.swift */,
				3F5618EB2BDAE56300CC6B8F /* CustomAlertController.swift */,
				3F8A8C3A2BE67D79006A285D /* QuickAddNavigationViewController.swift */,
				3F29CCC32BE2CC02002A6425 /* QuickAddViewController.swift */,
				3FE6A9112BE8B53A00D576A9 /* HouseholdNavigationController.swift */,
				3F29CCC82BE2EAE6002A6425 /* HouseholdViewController.swift */,
				3F02D9212BE3683F00655004 /* HouseholdProfileViewController.swift */,
				3FE6A9132BE8B54C00D576A9 /* AccountNavigationController.swift */,
				3F462D492BE264B90077BD42 /* AccountViewController.swift */,
				3FCD0ADD2BE89F6F004F6A70 /* AccountHouseholdViewController.swift */,
				3F39B7B12BE764CB0010D3CB /* BadgeViewController.swift */,
			);
			path = Controllers;
			sourceTree = "<group>";
		};
		3F9756B62BF2163000D3C8A7 /* Resources */ = {
			isa = PBXGroup;
			children = (
				3F7D21582BD14583003B3634 /* Main.storyboard */,
				3F7D215D2BD1458F003B3634 /* LaunchScreen.storyboard */,
				3F7D21522BD14583003B3634 /* AppDelegate.swift */,
				3F7D21542BD14583003B3634 /* SceneDelegate.swift */,
			);
			path = Resources;
			sourceTree = "<group>";
		};
		3F993F4B2BD8B9D3006FE29E /* Data Models */ = {
			isa = PBXGroup;
			children = (
				3F993F4C2BD8B9EC006FE29E /* Item.swift */,
				3F830C032BD9018800E01E2C /* StorageLocation.swift */,
				3FC648612BE3458E000348A9 /* HouseHold.swift */,
				3FC648632BE345CA000348A9 /* User.swift */,
				3F8A8C362BE67901006A285D /* Badge.swift */,
			);
			path = "Data Models";
			sourceTree = "<group>";
		};
		3FB2AA132BED2E8F000BCFD2 /* Managers */ = {
			isa = PBXGroup;
			children = (
				3FEE655C2BED57B6002662F9 /* DatabaseManager.swift */,
				3FEE655E2BED6613002662F9 /* StorageManager.swift */,
			);
			path = Managers;
			sourceTree = "<group>";
		};
		3FBF67EC2BDA1BFE005C58A9 /* Fonts */ = {
			isa = PBXGroup;
			children = (
				3FBF67FF2BDA1C3C005C58A9 /* SF Pro Rounded */,
			);
			path = Fonts;
			sourceTree = "<group>";
		};
		3FBF67FF2BDA1C3C005C58A9 /* SF Pro Rounded */ = {
			isa = PBXGroup;
			children = (
				3FBF67EE2BDA1C22005C58A9 /* SF-Pro-Rounded-Black.otf */,
				3FBF67EF2BDA1C22005C58A9 /* SF-Pro-Rounded-Bold.otf */,
				3FBF67F02BDA1C23005C58A9 /* SF-Pro-Rounded-Heavy.otf */,
				3FBF67F52BDA1C23005C58A9 /* SF-Pro-Rounded-Light.otf */,
				3FBF67F22BDA1C23005C58A9 /* SF-Pro-Rounded-Medium.otf */,
				3FBF67F12BDA1C23005C58A9 /* SF-Pro-Rounded-Regular.otf */,
				3FBF67F42BDA1C23005C58A9 /* SF-Pro-Rounded-Semibold.otf */,
				3FBF67F32BDA1C23005C58A9 /* SF-Pro-Rounded-Thin.otf */,
				3FBF67ED2BDA1C22005C58A9 /* SF-Pro-Rounded-Ultralight.otf */,
			);
			path = "SF Pro Rounded";
			sourceTree = "<group>";
		};
		3FCFBDB12BDA450300ABB9BF /* Button */ = {
			isa = PBXGroup;
			children = (
				3FB635ED2BDA45D700F75D29 /* ScanItemButton.swift */,
				3FB2AA0D2BEB6A15000BCFD2 /* BillButton.swift */,
			);
			path = Button;
			sourceTree = "<group>";
		};
		3FEE65622BED688C002662F9 /* Frameworks */ = {
			isa = PBXGroup;
			children = (
			);
			name = Frameworks;
			sourceTree = "<group>";
		};
/* End PBXGroup section */

/* Begin PBXNativeTarget section */
		3F7D214E2BD14583003B3634 /* Stored */ = {
			isa = PBXNativeTarget;
			buildConfigurationList = 3F7D21632BD1458F003B3634 /* Build configuration list for PBXNativeTarget "Stored" */;
			buildPhases = (
				3F7D214B2BD14583003B3634 /* Sources */,
				3F7D214C2BD14583003B3634 /* Frameworks */,
				3F7D214D2BD14583003B3634 /* Resources */,
			);
			buildRules = (
			);
			dependencies = (
			);
			name = Stored;
			packageProductDependencies = (
				3F39B7AF2BE755670010D3CB /* FSCalendar */,
				3FEE65522BED47C1002662F9 /* FirebaseAnalytics */,
				3FEE65542BED47C1002662F9 /* FirebaseAnalyticsWithoutAdIdSupport */,
				3FEE65562BED47C1002662F9 /* FirebaseAuth */,
				3FEE65582BED47C1002662F9 /* FirebaseDatabase */,
				3FEE65602BED67AE002662F9 /* FirebaseAuthCombine-Community */,
				3FEE65632BED688C002662F9 /* FirebaseStorage */,
			);
			productName = Stored;
			productReference = 3F7D214F2BD14583003B3634 /* Stored.app */;
			productType = "com.apple.product-type.application";
		};
/* End PBXNativeTarget section */

/* Begin PBXProject section */
		3F7D21472BD14583003B3634 /* Project object */ = {
			isa = PBXProject;
			attributes = {
				BuildIndependentTargetsInParallel = 1;
				LastSwiftUpdateCheck = 1530;
				LastUpgradeCheck = 1530;
				TargetAttributes = {
					3F7D214E2BD14583003B3634 = {
						CreatedOnToolsVersion = 15.3;
					};
				};
			};
			buildConfigurationList = 3F7D214A2BD14583003B3634 /* Build configuration list for PBXProject "Stored" */;
			compatibilityVersion = "Xcode 14.0";
			developmentRegion = en;
			hasScannedForEncodings = 0;
			knownRegions = (
				en,
				Base,
			);
			mainGroup = 3F7D21462BD14583003B3634;
			packageReferences = (
				3F39B7AE2BE755670010D3CB /* XCRemoteSwiftPackageReference "FSCalendar" */,
				3FEE65512BED47C1002662F9 /* XCRemoteSwiftPackageReference "firebase-ios-sdk" */,
			);
			productRefGroup = 3F7D21502BD14583003B3634 /* Products */;
			projectDirPath = "";
			projectRoot = "";
			targets = (
				3F7D214E2BD14583003B3634 /* Stored */,
			);
		};
/* End PBXProject section */

/* Begin PBXResourcesBuildPhase section */
		3F7D214D2BD14583003B3634 /* Resources */ = {
			isa = PBXResourcesBuildPhase;
			buildActionMask = 2147483647;
			files = (
				3FEE655B2BED4B5C002662F9 /* GoogleService-Info.plist in Resources */,
				3FBF67FB2BDA1C23005C58A9 /* SF-Pro-Rounded-Medium.otf in Resources */,
				3FBF67FE2BDA1C23005C58A9 /* SF-Pro-Rounded-Light.otf in Resources */,
				3F7D215F2BD1458F003B3634 /* Base in Resources */,
				3FBF67FD2BDA1C23005C58A9 /* SF-Pro-Rounded-Semibold.otf in Resources */,
				3FBF67FC2BDA1C23005C58A9 /* SF-Pro-Rounded-Thin.otf in Resources */,
				3FBF67F72BDA1C23005C58A9 /* SF-Pro-Rounded-Black.otf in Resources */,
				3FBF67F82BDA1C23005C58A9 /* SF-Pro-Rounded-Bold.otf in Resources */,
				3FBF67F62BDA1C23005C58A9 /* SF-Pro-Rounded-Ultralight.otf in Resources */,
				3FBF67FA2BDA1C23005C58A9 /* SF-Pro-Rounded-Regular.otf in Resources */,
				3FBF67F92BDA1C23005C58A9 /* SF-Pro-Rounded-Heavy.otf in Resources */,
				3FD0CA932BE61EE0001CA6C5 /* Assets.xcassets in Resources */,
				3F7D215A2BD14583003B3634 /* Base in Resources */,
			);
			runOnlyForDeploymentPostprocessing = 0;
		};
/* End PBXResourcesBuildPhase section */

/* Begin PBXSourcesBuildPhase section */
		3F7D214B2BD14583003B3634 /* Sources */ = {
			isa = PBXSourcesBuildPhase;
			buildActionMask = 2147483647;
			files = (
				3F830C022BD8E9BD00E01E2C /* InventoryTableViewCell.swift in Sources */,
				3F462D4A2BE264B90077BD42 /* AccountViewController.swift in Sources */,
				3F8A8C3B2BE67D79006A285D /* QuickAddNavigationViewController.swift in Sources */,
				3F7BF50B2BD97EA30098FD33 /* InventoryStorageViewController.swift in Sources */,
				3F993F512BD8CBDA006FE29E /* InventoryCollectionViewCell.swift in Sources */,
				3FE6A9122BE8B53A00D576A9 /* HouseholdNavigationController.swift in Sources */,
				3F993F4D2BD8B9EC006FE29E /* Item.swift in Sources */,
				3FEE65662BED8784002662F9 /* JoinOrCreateHouseholdViewController.swift in Sources */,
				3FAAE16B2BE35042006E524A /* HouseholdTableViewCell.swift in Sources */,
				3F29CCC92BE2EAE6002A6425 /* HouseholdViewController.swift in Sources */,
				3F993F4F2BD8C0AA006FE29E /* InventoryViewController.swift in Sources */,
				3F462D4C2BE271FA0077BD42 /* AccountSmallTableViewCell.swift in Sources */,
				3F7D21572BD14583003B3634 /* ExpiringViewController.swift in Sources */,
				3FBE9A802BE1FE2E00676303 /* ExpiringCollectionViewCell.swift in Sources */,
				3F830C042BD9018800E01E2C /* StorageLocation.swift in Sources */,
				3F4A51702BD944E200F5B930 /* InventoryStorageTableViewCell.swift in Sources */,
				3F4B87112BE24672007D77AF /* ExpiredTableViewCell.swift in Sources */,
				3FB2AA192BED3202000BCFD2 /* LoginNavigationController.swift in Sources */,
				3FEE655F2BED6613002662F9 /* StorageManager.swift in Sources */,
				3F02D9222BE3683F00655004 /* HouseholdProfileViewController.swift in Sources */,
				3F29CCC42BE2CC02002A6425 /* QuickAddViewController.swift in Sources */,
				3FB2AA152BED2EA2000BCFD2 /* LoginViewController.swift in Sources */,
				3F8A8C3D2BE68015006A285D /* StoredTabBarController.swift in Sources */,
				3F29CCCB2BE2EAF1002A6425 /* HouseholdCollectionViewCell.swift in Sources */,
				3F5618EC2BDAE56300CC6B8F /* CustomAlertController.swift in Sources */,
				3FCD0ADE2BE89F6F004F6A70 /* AccountHouseholdViewController.swift in Sources */,
				3FD3E32C2BE23C59002ED762 /* ExpiredViewController.swift in Sources */,
				3F462D482BE264A80077BD42 /* AccountTableViewCell.swift in Sources */,
				3FC648622BE3458E000348A9 /* HouseHold.swift in Sources */,
				3FE6A9182BE8C2C500D576A9 /* AccountHouseholdCodeTableViewCell.swift in Sources */,
				3F7D21532BD14583003B3634 /* AppDelegate.swift in Sources */,
				3FC648642BE345CA000348A9 /* User.swift in Sources */,
				3FB8D74D2BDFC40200A5ADB9 /* CameraViewController.swift in Sources */,
				3FDD7AEB2BD7CAD5006F1A34 /* ExpiringTableViewCell.swift in Sources */,
				3FEE655D2BED57B6002662F9 /* DatabaseManager.swift in Sources */,
				3FB2AA0E2BEB6A15000BCFD2 /* BillButton.swift in Sources */,
				3F8A8C372BE67901006A285D /* Badge.swift in Sources */,
				3FE6A9162BE8BB7400D576A9 /* AccountHouseholdUserTableViewCell.swift in Sources */,
				3F7D21552BD14583003B3634 /* SceneDelegate.swift in Sources */,
				3F02D9242BE376D200655004 /* HouseholdProfileCollectionViewCell.swift in Sources */,
				3FE6A9142BE8B54C00D576A9 /* AccountNavigationController.swift in Sources */,
				3FB2AA172BED2EBE000BCFD2 /* RegisterViewController.swift in Sources */,
				3FCD0AE02BE89F78004F6A70 /* AccountHouseholdTextFieldTableViewCell.swift in Sources */,
				3F29CCC02BE2CB50002A6425 /* InventoryNavigationController.swift in Sources */,
				3F39B7B22BE764CB0010D3CB /* BadgeViewController.swift in Sources */,
				3F8A8C392BE67C9E006A285D /* ExpiringNavigationViewController.swift in Sources */,
				3F3875112BE23F3A00F96D88 /* ExpiredCollectionViewCell.swift in Sources */,
				3FB635EE2BDA45D700F75D29 /* ScanItemButton.swift in Sources */,
				3F29CCC62BE2CC21002A6425 /* QuickAddTableViewCell.swift in Sources */,
				3FB2AA0C2BEB6556000BCFD2 /* BillViewController.swift in Sources */,
			);
			runOnlyForDeploymentPostprocessing = 0;
		};
/* End PBXSourcesBuildPhase section */

/* Begin PBXVariantGroup section */
		3F7D21582BD14583003B3634 /* Main.storyboard */ = {
			isa = PBXVariantGroup;
			children = (
				3F7D21592BD14583003B3634 /* Base */,
			);
			name = Main.storyboard;
			sourceTree = "<group>";
		};
		3F7D215D2BD1458F003B3634 /* LaunchScreen.storyboard */ = {
			isa = PBXVariantGroup;
			children = (
				3F7D215E2BD1458F003B3634 /* Base */,
			);
			name = LaunchScreen.storyboard;
			sourceTree = "<group>";
		};
/* End PBXVariantGroup section */

/* Begin XCBuildConfiguration section */
		3F7D21612BD1458F003B3634 /* Debug */ = {
			isa = XCBuildConfiguration;
			buildSettings = {
				ALWAYS_SEARCH_USER_PATHS = NO;
				ASSETCATALOG_COMPILER_GENERATE_SWIFT_ASSET_SYMBOL_EXTENSIONS = YES;
				CLANG_ANALYZER_NONNULL = YES;
				CLANG_ANALYZER_NUMBER_OBJECT_CONVERSION = YES_AGGRESSIVE;
				CLANG_CXX_LANGUAGE_STANDARD = "gnu++20";
				CLANG_ENABLE_MODULES = YES;
				CLANG_ENABLE_OBJC_ARC = YES;
				CLANG_ENABLE_OBJC_WEAK = YES;
				CLANG_WARN_BLOCK_CAPTURE_AUTORELEASING = YES;
				CLANG_WARN_BOOL_CONVERSION = YES;
				CLANG_WARN_COMMA = YES;
				CLANG_WARN_CONSTANT_CONVERSION = YES;
				CLANG_WARN_DEPRECATED_OBJC_IMPLEMENTATIONS = YES;
				CLANG_WARN_DIRECT_OBJC_ISA_USAGE = YES_ERROR;
				CLANG_WARN_DOCUMENTATION_COMMENTS = YES;
				CLANG_WARN_EMPTY_BODY = YES;
				CLANG_WARN_ENUM_CONVERSION = YES;
				CLANG_WARN_INFINITE_RECURSION = YES;
				CLANG_WARN_INT_CONVERSION = YES;
				CLANG_WARN_NON_LITERAL_NULL_CONVERSION = YES;
				CLANG_WARN_OBJC_IMPLICIT_RETAIN_SELF = YES;
				CLANG_WARN_OBJC_LITERAL_CONVERSION = YES;
				CLANG_WARN_OBJC_ROOT_CLASS = YES_ERROR;
				CLANG_WARN_QUOTED_INCLUDE_IN_FRAMEWORK_HEADER = YES;
				CLANG_WARN_RANGE_LOOP_ANALYSIS = YES;
				CLANG_WARN_STRICT_PROTOTYPES = YES;
				CLANG_WARN_SUSPICIOUS_MOVE = YES;
				CLANG_WARN_UNGUARDED_AVAILABILITY = YES_AGGRESSIVE;
				CLANG_WARN_UNREACHABLE_CODE = YES;
				CLANG_WARN__DUPLICATE_METHOD_MATCH = YES;
				COPY_PHASE_STRIP = NO;
				DEBUG_INFORMATION_FORMAT = dwarf;
				ENABLE_STRICT_OBJC_MSGSEND = YES;
				ENABLE_TESTABILITY = YES;
				ENABLE_USER_SCRIPT_SANDBOXING = YES;
				GCC_C_LANGUAGE_STANDARD = gnu17;
				GCC_DYNAMIC_NO_PIC = NO;
				GCC_NO_COMMON_BLOCKS = YES;
				GCC_OPTIMIZATION_LEVEL = 0;
				GCC_PREPROCESSOR_DEFINITIONS = (
					"DEBUG=1",
					"$(inherited)",
				);
				GCC_WARN_64_TO_32_BIT_CONVERSION = YES;
				GCC_WARN_ABOUT_RETURN_TYPE = YES_ERROR;
				GCC_WARN_UNDECLARED_SELECTOR = YES;
				GCC_WARN_UNINITIALIZED_AUTOS = YES_AGGRESSIVE;
				GCC_WARN_UNUSED_FUNCTION = YES;
				GCC_WARN_UNUSED_VARIABLE = YES;
				IPHONEOS_DEPLOYMENT_TARGET = 17.4;
				LOCALIZATION_PREFERS_STRING_CATALOGS = YES;
				MTL_ENABLE_DEBUG_INFO = INCLUDE_SOURCE;
				MTL_FAST_MATH = YES;
				ONLY_ACTIVE_ARCH = YES;
				SDKROOT = iphoneos;
				SWIFT_ACTIVE_COMPILATION_CONDITIONS = "DEBUG $(inherited)";
				SWIFT_OPTIMIZATION_LEVEL = "-Onone";
				WARNING_CFLAGS = "";
			};
			name = Debug;
		};
		3F7D21622BD1458F003B3634 /* Release */ = {
			isa = XCBuildConfiguration;
			buildSettings = {
				ALWAYS_SEARCH_USER_PATHS = NO;
				ASSETCATALOG_COMPILER_GENERATE_SWIFT_ASSET_SYMBOL_EXTENSIONS = YES;
				CLANG_ANALYZER_NONNULL = YES;
				CLANG_ANALYZER_NUMBER_OBJECT_CONVERSION = YES_AGGRESSIVE;
				CLANG_CXX_LANGUAGE_STANDARD = "gnu++20";
				CLANG_ENABLE_MODULES = YES;
				CLANG_ENABLE_OBJC_ARC = YES;
				CLANG_ENABLE_OBJC_WEAK = YES;
				CLANG_WARN_BLOCK_CAPTURE_AUTORELEASING = YES;
				CLANG_WARN_BOOL_CONVERSION = YES;
				CLANG_WARN_COMMA = YES;
				CLANG_WARN_CONSTANT_CONVERSION = YES;
				CLANG_WARN_DEPRECATED_OBJC_IMPLEMENTATIONS = YES;
				CLANG_WARN_DIRECT_OBJC_ISA_USAGE = YES_ERROR;
				CLANG_WARN_DOCUMENTATION_COMMENTS = YES;
				CLANG_WARN_EMPTY_BODY = YES;
				CLANG_WARN_ENUM_CONVERSION = YES;
				CLANG_WARN_INFINITE_RECURSION = YES;
				CLANG_WARN_INT_CONVERSION = YES;
				CLANG_WARN_NON_LITERAL_NULL_CONVERSION = YES;
				CLANG_WARN_OBJC_IMPLICIT_RETAIN_SELF = YES;
				CLANG_WARN_OBJC_LITERAL_CONVERSION = YES;
				CLANG_WARN_OBJC_ROOT_CLASS = YES_ERROR;
				CLANG_WARN_QUOTED_INCLUDE_IN_FRAMEWORK_HEADER = YES;
				CLANG_WARN_RANGE_LOOP_ANALYSIS = YES;
				CLANG_WARN_STRICT_PROTOTYPES = YES;
				CLANG_WARN_SUSPICIOUS_MOVE = YES;
				CLANG_WARN_UNGUARDED_AVAILABILITY = YES_AGGRESSIVE;
				CLANG_WARN_UNREACHABLE_CODE = YES;
				CLANG_WARN__DUPLICATE_METHOD_MATCH = YES;
				COPY_PHASE_STRIP = NO;
				DEBUG_INFORMATION_FORMAT = "dwarf-with-dsym";
				ENABLE_NS_ASSERTIONS = NO;
				ENABLE_STRICT_OBJC_MSGSEND = YES;
				ENABLE_USER_SCRIPT_SANDBOXING = YES;
				GCC_C_LANGUAGE_STANDARD = gnu17;
				GCC_NO_COMMON_BLOCKS = YES;
				GCC_WARN_64_TO_32_BIT_CONVERSION = YES;
				GCC_WARN_ABOUT_RETURN_TYPE = YES_ERROR;
				GCC_WARN_UNDECLARED_SELECTOR = YES;
				GCC_WARN_UNINITIALIZED_AUTOS = YES_AGGRESSIVE;
				GCC_WARN_UNUSED_FUNCTION = YES;
				GCC_WARN_UNUSED_VARIABLE = YES;
				IPHONEOS_DEPLOYMENT_TARGET = 17.4;
				LOCALIZATION_PREFERS_STRING_CATALOGS = YES;
				MTL_ENABLE_DEBUG_INFO = NO;
				MTL_FAST_MATH = YES;
				SDKROOT = iphoneos;
				SWIFT_COMPILATION_MODE = wholemodule;
				VALIDATE_PRODUCT = YES;
				WARNING_CFLAGS = "";
			};
			name = Release;
		};
		3F7D21642BD1458F003B3634 /* Debug */ = {
			isa = XCBuildConfiguration;
			buildSettings = {
				ASSETCATALOG_COMPILER_APPICON_NAME = AppIcon;
				ASSETCATALOG_COMPILER_GLOBAL_ACCENT_COLOR_NAME = AccentColor;
				CODE_SIGN_IDENTITY = "Apple Development";
				CODE_SIGN_STYLE = Automatic;
				CURRENT_PROJECT_VERSION = 1;
				DEVELOPMENT_TEAM = 8N6D23QF8N;
				GENERATE_INFOPLIST_FILE = YES;
				INFOPLIST_FILE = Stored/Info.plist;
				INFOPLIST_KEY_NSCameraUsageDescription = "Stored would like to access your camera to scan codes";
				INFOPLIST_KEY_UIApplicationSupportsIndirectInputEvents = YES;
				INFOPLIST_KEY_UILaunchStoryboardName = LaunchScreen;
				INFOPLIST_KEY_UIMainStoryboardFile = Main;
				INFOPLIST_KEY_UISupportedInterfaceOrientations_iPad = "UIInterfaceOrientationPortrait UIInterfaceOrientationPortraitUpsideDown UIInterfaceOrientationLandscapeLeft UIInterfaceOrientationLandscapeRight";
				INFOPLIST_KEY_UISupportedInterfaceOrientations_iPhone = "UIInterfaceOrientationPortrait UIInterfaceOrientationLandscapeLeft UIInterfaceOrientationLandscapeRight";
				IPHONEOS_DEPLOYMENT_TARGET = 16.1;
				LD_RUNPATH_SEARCH_PATHS = (
					"$(inherited)",
					"@executable_path/Frameworks",
				);
				MARKETING_VERSION = 1.0;
				PRODUCT_BUNDLE_IDENTIFIER = cookies.www.Storedx;
				PRODUCT_NAME = "$(TARGET_NAME)";
				PROVISIONING_PROFILE_SPECIFIER = "";
				SWIFT_EMIT_LOC_STRINGS = YES;
				SWIFT_VERSION = 5.0;
				TARGETED_DEVICE_FAMILY = "1,2";
			};
			name = Debug;
		};
		3F7D21652BD1458F003B3634 /* Release */ = {
			isa = XCBuildConfiguration;
			buildSettings = {
				ASSETCATALOG_COMPILER_APPICON_NAME = AppIcon;
				ASSETCATALOG_COMPILER_GLOBAL_ACCENT_COLOR_NAME = AccentColor;
				CODE_SIGN_IDENTITY = "Apple Development";
				CODE_SIGN_STYLE = Automatic;
				CURRENT_PROJECT_VERSION = 1;
				DEVELOPMENT_TEAM = 8N6D23QF8N;
				GENERATE_INFOPLIST_FILE = YES;
				INFOPLIST_FILE = Stored/Info.plist;
				INFOPLIST_KEY_NSCameraUsageDescription = "Stored would like to access your camera to scan codes";
				INFOPLIST_KEY_UIApplicationSupportsIndirectInputEvents = YES;
				INFOPLIST_KEY_UILaunchStoryboardName = LaunchScreen;
				INFOPLIST_KEY_UIMainStoryboardFile = Main;
				INFOPLIST_KEY_UISupportedInterfaceOrientations_iPad = "UIInterfaceOrientationPortrait UIInterfaceOrientationPortraitUpsideDown UIInterfaceOrientationLandscapeLeft UIInterfaceOrientationLandscapeRight";
				INFOPLIST_KEY_UISupportedInterfaceOrientations_iPhone = "UIInterfaceOrientationPortrait UIInterfaceOrientationLandscapeLeft UIInterfaceOrientationLandscapeRight";
				IPHONEOS_DEPLOYMENT_TARGET = 16.1;
				LD_RUNPATH_SEARCH_PATHS = (
					"$(inherited)",
					"@executable_path/Frameworks",
				);
				MARKETING_VERSION = 1.0;
				PRODUCT_BUNDLE_IDENTIFIER = cookies.www.Storedx;
				PRODUCT_NAME = "$(TARGET_NAME)";
				PROVISIONING_PROFILE_SPECIFIER = "";
				SWIFT_EMIT_LOC_STRINGS = YES;
				SWIFT_VERSION = 5.0;
				TARGETED_DEVICE_FAMILY = "1,2";
			};
			name = Release;
		};
/* End XCBuildConfiguration section */

/* Begin XCConfigurationList section */
		3F7D214A2BD14583003B3634 /* Build configuration list for PBXProject "Stored" */ = {
			isa = XCConfigurationList;
			buildConfigurations = (
				3F7D21612BD1458F003B3634 /* Debug */,
				3F7D21622BD1458F003B3634 /* Release */,
			);
			defaultConfigurationIsVisible = 0;
			defaultConfigurationName = Release;
		};
		3F7D21632BD1458F003B3634 /* Build configuration list for PBXNativeTarget "Stored" */ = {
			isa = XCConfigurationList;
			buildConfigurations = (
				3F7D21642BD1458F003B3634 /* Debug */,
				3F7D21652BD1458F003B3634 /* Release */,
			);
			defaultConfigurationIsVisible = 0;
			defaultConfigurationName = Release;
		};
/* End XCConfigurationList section */

/* Begin XCRemoteSwiftPackageReference section */
		3F39B7AE2BE755670010D3CB /* XCRemoteSwiftPackageReference "FSCalendar" */ = {
			isa = XCRemoteSwiftPackageReference;
			repositoryURL = "https://github.com/WenchaoD/FSCalendar.git";
			requirement = {
				kind = upToNextMajorVersion;
				minimumVersion = 2.8.4;
			};
		};
		3FEE65512BED47C1002662F9 /* XCRemoteSwiftPackageReference "firebase-ios-sdk" */ = {
			isa = XCRemoteSwiftPackageReference;
			repositoryURL = "https://github.com/firebase/firebase-ios-sdk";
			requirement = {
				kind = upToNextMajorVersion;
				minimumVersion = 10.25.0;
			};
		};
/* End XCRemoteSwiftPackageReference section */

/* Begin XCSwiftPackageProductDependency section */
		3F39B7AF2BE755670010D3CB /* FSCalendar */ = {
			isa = XCSwiftPackageProductDependency;
			package = 3F39B7AE2BE755670010D3CB /* XCRemoteSwiftPackageReference "FSCalendar" */;
			productName = FSCalendar;
		};
		3FEE65522BED47C1002662F9 /* FirebaseAnalytics */ = {
			isa = XCSwiftPackageProductDependency;
			package = 3FEE65512BED47C1002662F9 /* XCRemoteSwiftPackageReference "firebase-ios-sdk" */;
			productName = FirebaseAnalytics;
		};
		3FEE65542BED47C1002662F9 /* FirebaseAnalyticsWithoutAdIdSupport */ = {
			isa = XCSwiftPackageProductDependency;
			package = 3FEE65512BED47C1002662F9 /* XCRemoteSwiftPackageReference "firebase-ios-sdk" */;
			productName = FirebaseAnalyticsWithoutAdIdSupport;
		};
		3FEE65562BED47C1002662F9 /* FirebaseAuth */ = {
			isa = XCSwiftPackageProductDependency;
			package = 3FEE65512BED47C1002662F9 /* XCRemoteSwiftPackageReference "firebase-ios-sdk" */;
			productName = FirebaseAuth;
		};
		3FEE65582BED47C1002662F9 /* FirebaseDatabase */ = {
			isa = XCSwiftPackageProductDependency;
			package = 3FEE65512BED47C1002662F9 /* XCRemoteSwiftPackageReference "firebase-ios-sdk" */;
			productName = FirebaseDatabase;
		};
		3FEE65602BED67AE002662F9 /* FirebaseAuthCombine-Community */ = {
			isa = XCSwiftPackageProductDependency;
			package = 3FEE65512BED47C1002662F9 /* XCRemoteSwiftPackageReference "firebase-ios-sdk" */;
			productName = "FirebaseAuthCombine-Community";
		};
		3FEE65632BED688C002662F9 /* FirebaseStorage */ = {
			isa = XCSwiftPackageProductDependency;
			package = 3FEE65512BED47C1002662F9 /* XCRemoteSwiftPackageReference "firebase-ios-sdk" */;
			productName = FirebaseStorage;
		};
/* End XCSwiftPackageProductDependency section */
	};
	rootObject = 3F7D21472BD14583003B3634 /* Project object */;
}
