// !$*UTF8*$!
{
	archiveVersion = 1;
	classes = {
	};
	objectVersion = 56;
	objects = {

/* Begin PBXBuildFile section */
		3F4A51702BD944E200F5B930 /* InventoryStorageTableViewCell.swift in Sources */ = {isa = PBXBuildFile; fileRef = 3F4A516F2BD944E200F5B930 /* InventoryStorageTableViewCell.swift */; };
		3F5618EC2BDAE56300CC6B8F /* CustomAlertController.swift in Sources */ = {isa = PBXBuildFile; fileRef = 3F5618EB2BDAE56300CC6B8F /* CustomAlertController.swift */; };
		3F7BF50B2BD97EA30098FD33 /* InventoryStorageViewController.swift in Sources */ = {isa = PBXBuildFile; fileRef = 3F7BF50A2BD97EA30098FD33 /* InventoryStorageViewController.swift */; };
		3F7D21532BD14583003B3634 /* AppDelegate.swift in Sources */ = {isa = PBXBuildFile; fileRef = 3F7D21522BD14583003B3634 /* AppDelegate.swift */; };
		3F7D21552BD14583003B3634 /* SceneDelegate.swift in Sources */ = {isa = PBXBuildFile; fileRef = 3F7D21542BD14583003B3634 /* SceneDelegate.swift */; };
		3F7D21572BD14583003B3634 /* HomeViewController.swift in Sources */ = {isa = PBXBuildFile; fileRef = 3F7D21562BD14583003B3634 /* HomeViewController.swift */; };
		3F7D215A2BD14583003B3634 /* Base in Resources */ = {isa = PBXBuildFile; fileRef = 3F7D21592BD14583003B3634 /* Base */; };
		3F7D215F2BD1458F003B3634 /* Base in Resources */ = {isa = PBXBuildFile; fileRef = 3F7D215E2BD1458F003B3634 /* Base */; };
		3F830C022BD8E9BD00E01E2C /* InventoryTableViewCell.swift in Sources */ = {isa = PBXBuildFile; fileRef = 3F830C012BD8E9BD00E01E2C /* InventoryTableViewCell.swift */; };
		3F830C042BD9018800E01E2C /* Storage.swift in Sources */ = {isa = PBXBuildFile; fileRef = 3F830C032BD9018800E01E2C /* Storage.swift */; };
		3F993F4D2BD8B9EC006FE29E /* Item.swift in Sources */ = {isa = PBXBuildFile; fileRef = 3F993F4C2BD8B9EC006FE29E /* Item.swift */; };
		3F993F4F2BD8C0AA006FE29E /* InventoryViewController.swift in Sources */ = {isa = PBXBuildFile; fileRef = 3F993F4E2BD8C0AA006FE29E /* InventoryViewController.swift */; };
		3F993F512BD8CBDA006FE29E /* InventoryCollectionViewCell.swift in Sources */ = {isa = PBXBuildFile; fileRef = 3F993F502BD8CBDA006FE29E /* InventoryCollectionViewCell.swift */; };
		3F993F532BD8D270006FE29E /* Assets.xcassets in Resources */ = {isa = PBXBuildFile; fileRef = 3F993F522BD8D270006FE29E /* Assets.xcassets */; };
		3FB635EE2BDA45D700F75D29 /* ScanItemButton.swift in Sources */ = {isa = PBXBuildFile; fileRef = 3FB635ED2BDA45D700F75D29 /* ScanItemButton.swift */; };
		3FB635F02BDA4B1C00F75D29 /* InventoryNavigationController.swift in Sources */ = {isa = PBXBuildFile; fileRef = 3FB635EF2BDA4B1C00F75D29 /* InventoryNavigationController.swift */; };
		3FB8D74D2BDFC40200A5ADB9 /* CameraViewController.swift in Sources */ = {isa = PBXBuildFile; fileRef = 3FB8D74C2BDFC40200A5ADB9 /* CameraViewController.swift */; };
		3FBF67F62BDA1C23005C58A9 /* SF-Pro-Rounded-Ultralight.otf in Resources */ = {isa = PBXBuildFile; fileRef = 3FBF67ED2BDA1C22005C58A9 /* SF-Pro-Rounded-Ultralight.otf */; };
		3FBF67F72BDA1C23005C58A9 /* SF-Pro-Rounded-Black.otf in Resources */ = {isa = PBXBuildFile; fileRef = 3FBF67EE2BDA1C22005C58A9 /* SF-Pro-Rounded-Black.otf */; };
		3FBF67F82BDA1C23005C58A9 /* SF-Pro-Rounded-Bold.otf in Resources */ = {isa = PBXBuildFile; fileRef = 3FBF67EF2BDA1C22005C58A9 /* SF-Pro-Rounded-Bold.otf */; };
		3FBF67F92BDA1C23005C58A9 /* SF-Pro-Rounded-Heavy.otf in Resources */ = {isa = PBXBuildFile; fileRef = 3FBF67F02BDA1C23005C58A9 /* SF-Pro-Rounded-Heavy.otf */; };
		3FBF67FA2BDA1C23005C58A9 /* SF-Pro-Rounded-Regular.otf in Resources */ = {isa = PBXBuildFile; fileRef = 3FBF67F12BDA1C23005C58A9 /* SF-Pro-Rounded-Regular.otf */; };
		3FBF67FB2BDA1C23005C58A9 /* SF-Pro-Rounded-Medium.otf in Resources */ = {isa = PBXBuildFile; fileRef = 3FBF67F22BDA1C23005C58A9 /* SF-Pro-Rounded-Medium.otf */; };
		3FBF67FC2BDA1C23005C58A9 /* SF-Pro-Rounded-Thin.otf in Resources */ = {isa = PBXBuildFile; fileRef = 3FBF67F32BDA1C23005C58A9 /* SF-Pro-Rounded-Thin.otf */; };
		3FBF67FD2BDA1C23005C58A9 /* SF-Pro-Rounded-Semibold.otf in Resources */ = {isa = PBXBuildFile; fileRef = 3FBF67F42BDA1C23005C58A9 /* SF-Pro-Rounded-Semibold.otf */; };
		3FBF67FE2BDA1C23005C58A9 /* SF-Pro-Rounded-Light.otf in Resources */ = {isa = PBXBuildFile; fileRef = 3FBF67F52BDA1C23005C58A9 /* SF-Pro-Rounded-Light.otf */; };
		3FDD7AEB2BD7CAD5006F1A34 /* HomeTableViewCell.swift in Sources */ = {isa = PBXBuildFile; fileRef = 3FDD7AEA2BD7CAD5006F1A34 /* HomeTableViewCell.swift */; };
		3FE427CA2BE226100014B557 /* CustomAccountTableViewCell.swift in Sources */ = {isa = PBXBuildFile; fileRef = 3FE427C92BE226100014B557 /* CustomAccountTableViewCell.swift */; };
		3FE427CC2BE23D400014B557 /* CustomAccountViewController.swift in Sources */ = {isa = PBXBuildFile; fileRef = 3FE427CB2BE23D400014B557 /* CustomAccountViewController.swift */; };
/* End PBXBuildFile section */

/* Begin PBXFileReference section */
		3F4A516F2BD944E200F5B930 /* InventoryStorageTableViewCell.swift */ = {isa = PBXFileReference; lastKnownFileType = sourcecode.swift; path = InventoryStorageTableViewCell.swift; sourceTree = "<group>"; };
		3F5618EB2BDAE56300CC6B8F /* CustomAlertController.swift */ = {isa = PBXFileReference; lastKnownFileType = sourcecode.swift; path = CustomAlertController.swift; sourceTree = "<group>"; };
		3F7BF50A2BD97EA30098FD33 /* InventoryStorageViewController.swift */ = {isa = PBXFileReference; lastKnownFileType = sourcecode.swift; path = InventoryStorageViewController.swift; sourceTree = "<group>"; };
		3F7D214F2BD14583003B3634 /* Stored.app */ = {isa = PBXFileReference; explicitFileType = wrapper.application; includeInIndex = 0; path = Stored.app; sourceTree = BUILT_PRODUCTS_DIR; };
		3F7D21522BD14583003B3634 /* AppDelegate.swift */ = {isa = PBXFileReference; lastKnownFileType = sourcecode.swift; path = AppDelegate.swift; sourceTree = "<group>"; };
		3F7D21542BD14583003B3634 /* SceneDelegate.swift */ = {isa = PBXFileReference; lastKnownFileType = sourcecode.swift; path = SceneDelegate.swift; sourceTree = "<group>"; };
		3F7D21562BD14583003B3634 /* HomeViewController.swift */ = {isa = PBXFileReference; lastKnownFileType = sourcecode.swift; path = HomeViewController.swift; sourceTree = "<group>"; };
		3F7D21592BD14583003B3634 /* Base */ = {isa = PBXFileReference; lastKnownFileType = file.storyboard; name = Base; path = Base.lproj/Main.storyboard; sourceTree = "<group>"; };
		3F7D215E2BD1458F003B3634 /* Base */ = {isa = PBXFileReference; lastKnownFileType = file.storyboard; name = Base; path = Base.lproj/LaunchScreen.storyboard; sourceTree = "<group>"; };
		3F7D21602BD1458F003B3634 /* Info.plist */ = {isa = PBXFileReference; lastKnownFileType = text.plist.xml; path = Info.plist; sourceTree = "<group>"; };
		3F830C012BD8E9BD00E01E2C /* InventoryTableViewCell.swift */ = {isa = PBXFileReference; lastKnownFileType = sourcecode.swift; path = InventoryTableViewCell.swift; sourceTree = "<group>"; };
		3F830C032BD9018800E01E2C /* Storage.swift */ = {isa = PBXFileReference; lastKnownFileType = sourcecode.swift; path = Storage.swift; sourceTree = "<group>"; };
		3F993F4C2BD8B9EC006FE29E /* Item.swift */ = {isa = PBXFileReference; lastKnownFileType = sourcecode.swift; path = Item.swift; sourceTree = "<group>"; };
		3F993F4E2BD8C0AA006FE29E /* InventoryViewController.swift */ = {isa = PBXFileReference; lastKnownFileType = sourcecode.swift; path = InventoryViewController.swift; sourceTree = "<group>"; };
		3F993F502BD8CBDA006FE29E /* InventoryCollectionViewCell.swift */ = {isa = PBXFileReference; lastKnownFileType = sourcecode.swift; path = InventoryCollectionViewCell.swift; sourceTree = "<group>"; };
		3F993F522BD8D270006FE29E /* Assets.xcassets */ = {isa = PBXFileReference; lastKnownFileType = folder.assetcatalog; path = Assets.xcassets; sourceTree = "<group>"; };
		3FB635ED2BDA45D700F75D29 /* ScanItemButton.swift */ = {isa = PBXFileReference; lastKnownFileType = sourcecode.swift; path = ScanItemButton.swift; sourceTree = "<group>"; };
		3FB635EF2BDA4B1C00F75D29 /* InventoryNavigationController.swift */ = {isa = PBXFileReference; lastKnownFileType = sourcecode.swift; name = InventoryNavigationController.swift; path = Stored/InventoryNavigationController.swift; sourceTree = SOURCE_ROOT; };
		3FB8D74C2BDFC40200A5ADB9 /* CameraViewController.swift */ = {isa = PBXFileReference; lastKnownFileType = sourcecode.swift; path = CameraViewController.swift; sourceTree = "<group>"; };
		3FBF67ED2BDA1C22005C58A9 /* SF-Pro-Rounded-Ultralight.otf */ = {isa = PBXFileReference; lastKnownFileType = file; path = "SF-Pro-Rounded-Ultralight.otf"; sourceTree = "<group>"; };
		3FBF67EE2BDA1C22005C58A9 /* SF-Pro-Rounded-Black.otf */ = {isa = PBXFileReference; lastKnownFileType = file; path = "SF-Pro-Rounded-Black.otf"; sourceTree = "<group>"; };
		3FBF67EF2BDA1C22005C58A9 /* SF-Pro-Rounded-Bold.otf */ = {isa = PBXFileReference; lastKnownFileType = file; path = "SF-Pro-Rounded-Bold.otf"; sourceTree = "<group>"; };
		3FBF67F02BDA1C23005C58A9 /* SF-Pro-Rounded-Heavy.otf */ = {isa = PBXFileReference; lastKnownFileType = file; path = "SF-Pro-Rounded-Heavy.otf"; sourceTree = "<group>"; };
		3FBF67F12BDA1C23005C58A9 /* SF-Pro-Rounded-Regular.otf */ = {isa = PBXFileReference; lastKnownFileType = file; path = "SF-Pro-Rounded-Regular.otf"; sourceTree = "<group>"; };
		3FBF67F22BDA1C23005C58A9 /* SF-Pro-Rounded-Medium.otf */ = {isa = PBXFileReference; lastKnownFileType = file; path = "SF-Pro-Rounded-Medium.otf"; sourceTree = "<group>"; };
		3FBF67F32BDA1C23005C58A9 /* SF-Pro-Rounded-Thin.otf */ = {isa = PBXFileReference; lastKnownFileType = file; path = "SF-Pro-Rounded-Thin.otf"; sourceTree = "<group>"; };
		3FBF67F42BDA1C23005C58A9 /* SF-Pro-Rounded-Semibold.otf */ = {isa = PBXFileReference; lastKnownFileType = file; path = "SF-Pro-Rounded-Semibold.otf"; sourceTree = "<group>"; };
		3FBF67F52BDA1C23005C58A9 /* SF-Pro-Rounded-Light.otf */ = {isa = PBXFileReference; lastKnownFileType = file; path = "SF-Pro-Rounded-Light.otf"; sourceTree = "<group>"; };
		3FDD7AEA2BD7CAD5006F1A34 /* HomeTableViewCell.swift */ = {isa = PBXFileReference; lastKnownFileType = sourcecode.swift; path = HomeTableViewCell.swift; sourceTree = "<group>"; };
		3FE427C92BE226100014B557 /* CustomAccountTableViewCell.swift */ = {isa = PBXFileReference; lastKnownFileType = sourcecode.swift; path = CustomAccountTableViewCell.swift; sourceTree = "<group>"; };
		3FE427CB2BE23D400014B557 /* CustomAccountViewController.swift */ = {isa = PBXFileReference; lastKnownFileType = sourcecode.swift; path = CustomAccountViewController.swift; sourceTree = "<group>"; };
/* End PBXFileReference section */

/* Begin PBXFrameworksBuildPhase section */
		3F7D214C2BD14583003B3634 /* Frameworks */ = {
			isa = PBXFrameworksBuildPhase;
			buildActionMask = 2147483647;
			files = (
			);
			runOnlyForDeploymentPostprocessing = 0;
		};
/* End PBXFrameworksBuildPhase section */

/* Begin PBXGroup section */
		3F7D21462BD14583003B3634 = {
			isa = PBXGroup;
			children = (
				3FBF67EC2BDA1BFE005C58A9 /* Fonts */,
				3F7D21512BD14583003B3634 /* Stored */,
				3F7D21502BD14583003B3634 /* Products */,
			);
			sourceTree = "<group>";
		};
		3F7D21502BD14583003B3634 /* Products */ = {
			isa = PBXGroup;
			children = (
				3F7D214F2BD14583003B3634 /* Stored.app */,
			);
			name = Products;
			sourceTree = "<group>";
		};
		3F7D21512BD14583003B3634 /* Stored */ = {
			isa = PBXGroup;
			children = (
				3F7D21582BD14583003B3634 /* Main.storyboard */,
				3F7D215D2BD1458F003B3634 /* LaunchScreen.storyboard */,
				3F7D21522BD14583003B3634 /* AppDelegate.swift */,
				3F7D21542BD14583003B3634 /* SceneDelegate.swift */,
				3F7D21562BD14583003B3634 /* HomeViewController.swift */,
				3FDD7AEA2BD7CAD5006F1A34 /* HomeTableViewCell.swift */,
				3F993F4E2BD8C0AA006FE29E /* InventoryViewController.swift */,
				3F993F502BD8CBDA006FE29E /* InventoryCollectionViewCell.swift */,
				3F830C012BD8E9BD00E01E2C /* InventoryTableViewCell.swift */,
				3F7BF50A2BD97EA30098FD33 /* InventoryStorageViewController.swift */,
				3F4A516F2BD944E200F5B930 /* InventoryStorageTableViewCell.swift */,
				3FE427CB2BE23D400014B557 /* CustomAccountViewController.swift */,
				3FE427C92BE226100014B557 /* CustomAccountTableViewCell.swift */,
				3F993F4B2BD8B9D3006FE29E /* Data Models */,
				3FCFBDB12BDA450300ABB9BF /* Button */,
				3F993F522BD8D270006FE29E /* Assets.xcassets */,
				3F7D21602BD1458F003B3634 /* Info.plist */,
				3FB635EF2BDA4B1C00F75D29 /* InventoryNavigationController.swift */,
				3F5618EB2BDAE56300CC6B8F /* CustomAlertController.swift */,
				3FB8D74C2BDFC40200A5ADB9 /* CameraViewController.swift */,
			);
			path = Stored;
			sourceTree = "<group>";
		};
		3F993F4B2BD8B9D3006FE29E /* Data Models */ = {
			isa = PBXGroup;
			children = (
				3F993F4C2BD8B9EC006FE29E /* Item.swift */,
				3F830C032BD9018800E01E2C /* Storage.swift */,
			);
			path = "Data Models";
			sourceTree = "<group>";
		};
		3FBF67EC2BDA1BFE005C58A9 /* Fonts */ = {
			isa = PBXGroup;
			children = (
				3FBF67FF2BDA1C3C005C58A9 /* SF Pro Rounded */,
			);
			path = Fonts;
			sourceTree = "<group>";
		};
		3FBF67FF2BDA1C3C005C58A9 /* SF Pro Rounded */ = {
			isa = PBXGroup;
			children = (
				3FBF67EE2BDA1C22005C58A9 /* SF-Pro-Rounded-Black.otf */,
				3FBF67EF2BDA1C22005C58A9 /* SF-Pro-Rounded-Bold.otf */,
				3FBF67F02BDA1C23005C58A9 /* SF-Pro-Rounded-Heavy.otf */,
				3FBF67F52BDA1C23005C58A9 /* SF-Pro-Rounded-Light.otf */,
				3FBF67F22BDA1C23005C58A9 /* SF-Pro-Rounded-Medium.otf */,
				3FBF67F12BDA1C23005C58A9 /* SF-Pro-Rounded-Regular.otf */,
				3FBF67F42BDA1C23005C58A9 /* SF-Pro-Rounded-Semibold.otf */,
				3FBF67F32BDA1C23005C58A9 /* SF-Pro-Rounded-Thin.otf */,
				3FBF67ED2BDA1C22005C58A9 /* SF-Pro-Rounded-Ultralight.otf */,
			);
			path = "SF Pro Rounded";
			sourceTree = "<group>";
		};
		3FCFBDB12BDA450300ABB9BF /* Button */ = {
			isa = PBXGroup;
			children = (
				3FB635ED2BDA45D700F75D29 /* ScanItemButton.swift */,
			);
			path = Button;
			sourceTree = "<group>";
		};
/* End PBXGroup section */

/* Begin PBXNativeTarget section */
		3F7D214E2BD14583003B3634 /* Stored */ = {
			isa = PBXNativeTarget;
			buildConfigurationList = 3F7D21632BD1458F003B3634 /* Build configuration list for PBXNativeTarget "Stored" */;
			buildPhases = (
				3F7D214B2BD14583003B3634 /* Sources */,
				3F7D214C2BD14583003B3634 /* Frameworks */,
				3F7D214D2BD14583003B3634 /* Resources */,
			);
			buildRules = (
			);
			dependencies = (
			);
			name = Stored;
			productName = Stored;
			productReference = 3F7D214F2BD14583003B3634 /* Stored.app */;
			productType = "com.apple.product-type.application";
		};
/* End PBXNativeTarget section */

/* Begin PBXProject section */
		3F7D21472BD14583003B3634 /* Project object */ = {
			isa = PBXProject;
			attributes = {
				BuildIndependentTargetsInParallel = 1;
				LastSwiftUpdateCheck = 1530;
				LastUpgradeCheck = 1530;
				TargetAttributes = {
					3F7D214E2BD14583003B3634 = {
						CreatedOnToolsVersion = 15.3;
					};
				};
			};
			buildConfigurationList = 3F7D214A2BD14583003B3634 /* Build configuration list for PBXProject "Stored" */;
			compatibilityVersion = "Xcode 14.0";
			developmentRegion = en;
			hasScannedForEncodings = 0;
			knownRegions = (
				en,
				Base,
			);
			mainGroup = 3F7D21462BD14583003B3634;
			productRefGroup = 3F7D21502BD14583003B3634 /* Products */;
			projectDirPath = "";
			projectRoot = "";
			targets = (
				3F7D214E2BD14583003B3634 /* Stored */,
			);
		};
/* End PBXProject section */

/* Begin PBXResourcesBuildPhase section */
		3F7D214D2BD14583003B3634 /* Resources */ = {
			isa = PBXResourcesBuildPhase;
			buildActionMask = 2147483647;
			files = (
				3FBF67FB2BDA1C23005C58A9 /* SF-Pro-Rounded-Medium.otf in Resources */,
				3FBF67FE2BDA1C23005C58A9 /* SF-Pro-Rounded-Light.otf in Resources */,
				3F7D215F2BD1458F003B3634 /* Base in Resources */,
				3FBF67FD2BDA1C23005C58A9 /* SF-Pro-Rounded-Semibold.otf in Resources */,
				3F993F532BD8D270006FE29E /* Assets.xcassets in Resources */,
				3FBF67FC2BDA1C23005C58A9 /* SF-Pro-Rounded-Thin.otf in Resources */,
				3FBF67F72BDA1C23005C58A9 /* SF-Pro-Rounded-Black.otf in Resources */,
				3FBF67F82BDA1C23005C58A9 /* SF-Pro-Rounded-Bold.otf in Resources */,
				3FBF67F62BDA1C23005C58A9 /* SF-Pro-Rounded-Ultralight.otf in Resources */,
				3FBF67FA2BDA1C23005C58A9 /* SF-Pro-Rounded-Regular.otf in Resources */,
				3FBF67F92BDA1C23005C58A9 /* SF-Pro-Rounded-Heavy.otf in Resources */,
				3F7D215A2BD14583003B3634 /* Base in Resources */,
			);
			runOnlyForDeploymentPostprocessing = 0;
		};
/* End PBXResourcesBuildPhase section */

/* Begin PBXSourcesBuildPhase section */
		3F7D214B2BD14583003B3634 /* Sources */ = {
			isa = PBXSourcesBuildPhase;
			buildActionMask = 2147483647;
			files = (
				3FB635F02BDA4B1C00F75D29 /* InventoryNavigationController.swift in Sources */,
				3F830C022BD8E9BD00E01E2C /* InventoryTableViewCell.swift in Sources */,
				3F7BF50B2BD97EA30098FD33 /* InventoryStorageViewController.swift in Sources */,
				3F993F512BD8CBDA006FE29E /* InventoryCollectionViewCell.swift in Sources */,
				3F993F4D2BD8B9EC006FE29E /* Item.swift in Sources */,
				3F993F4F2BD8C0AA006FE29E /* InventoryViewController.swift in Sources */,
				3F7D21572BD14583003B3634 /* HomeViewController.swift in Sources */,
				3F830C042BD9018800E01E2C /* Storage.swift in Sources */,
				3F4A51702BD944E200F5B930 /* InventoryStorageTableViewCell.swift in Sources */,
				3F5618EC2BDAE56300CC6B8F /* CustomAlertController.swift in Sources */,
				3F7D21532BD14583003B3634 /* AppDelegate.swift in Sources */,
				3FB8D74D2BDFC40200A5ADB9 /* CameraViewController.swift in Sources */,
				3FE427CA2BE226100014B557 /* CustomAccountTableViewCell.swift in Sources */,
				3FDD7AEB2BD7CAD5006F1A34 /* HomeTableViewCell.swift in Sources */,
				3FE427CC2BE23D400014B557 /* CustomAccountViewController.swift in Sources */,
				3F7D21552BD14583003B3634 /* SceneDelegate.swift in Sources */,
				3FB635EE2BDA45D700F75D29 /* ScanItemButton.swift in Sources */,
			);
			runOnlyForDeploymentPostprocessing = 0;
		};
/* End PBXSourcesBuildPhase section */

/* Begin PBXVariantGroup section */
		3F7D21582BD14583003B3634 /* Main.storyboard */ = {
			isa = PBXVariantGroup;
			children = (
				3F7D21592BD14583003B3634 /* Base */,
			);
			name = Main.storyboard;
			sourceTree = "<group>";
		};
		3F7D215D2BD1458F003B3634 /* LaunchScreen.storyboard */ = {
			isa = PBXVariantGroup;
			children = (
				3F7D215E2BD1458F003B3634 /* Base */,
			);
			name = LaunchScreen.storyboard;
			sourceTree = "<group>";
		};
/* End PBXVariantGroup section */

/* Begin XCBuildConfiguration section */
		3F7D21612BD1458F003B3634 /* Debug */ = {
			isa = XCBuildConfiguration;
			buildSettings = {
				ALWAYS_SEARCH_USER_PATHS = NO;
				ASSETCATALOG_COMPILER_GENERATE_SWIFT_ASSET_SYMBOL_EXTENSIONS = YES;
				CLANG_ANALYZER_NONNULL = YES;
				CLANG_ANALYZER_NUMBER_OBJECT_CONVERSION = YES_AGGRESSIVE;
				CLANG_CXX_LANGUAGE_STANDARD = "gnu++20";
				CLANG_ENABLE_MODULES = YES;
				CLANG_ENABLE_OBJC_ARC = YES;
				CLANG_ENABLE_OBJC_WEAK = YES;
				CLANG_WARN_BLOCK_CAPTURE_AUTORELEASING = YES;
				CLANG_WARN_BOOL_CONVERSION = YES;
				CLANG_WARN_COMMA = YES;
				CLANG_WARN_CONSTANT_CONVERSION = YES;
				CLANG_WARN_DEPRECATED_OBJC_IMPLEMENTATIONS = YES;
				CLANG_WARN_DIRECT_OBJC_ISA_USAGE = YES_ERROR;
				CLANG_WARN_DOCUMENTATION_COMMENTS = YES;
				CLANG_WARN_EMPTY_BODY = YES;
				CLANG_WARN_ENUM_CONVERSION = YES;
				CLANG_WARN_INFINITE_RECURSION = YES;
				CLANG_WARN_INT_CONVERSION = YES;
				CLANG_WARN_NON_LITERAL_NULL_CONVERSION = YES;
				CLANG_WARN_OBJC_IMPLICIT_RETAIN_SELF = YES;
				CLANG_WARN_OBJC_LITERAL_CONVERSION = YES;
				CLANG_WARN_OBJC_ROOT_CLASS = YES_ERROR;
				CLANG_WARN_QUOTED_INCLUDE_IN_FRAMEWORK_HEADER = YES;
				CLANG_WARN_RANGE_LOOP_ANALYSIS = YES;
				CLANG_WARN_STRICT_PROTOTYPES = YES;
				CLANG_WARN_SUSPICIOUS_MOVE = YES;
				CLANG_WARN_UNGUARDED_AVAILABILITY = YES_AGGRESSIVE;
				CLANG_WARN_UNREACHABLE_CODE = YES;
				CLANG_WARN__DUPLICATE_METHOD_MATCH = YES;
				COPY_PHASE_STRIP = NO;
				DEBUG_INFORMATION_FORMAT = dwarf;
				ENABLE_STRICT_OBJC_MSGSEND = YES;
				ENABLE_TESTABILITY = YES;
				ENABLE_USER_SCRIPT_SANDBOXING = YES;
				GCC_C_LANGUAGE_STANDARD = gnu17;
				GCC_DYNAMIC_NO_PIC = NO;
				GCC_NO_COMMON_BLOCKS = YES;
				GCC_OPTIMIZATION_LEVEL = 0;
				GCC_PREPROCESSOR_DEFINITIONS = (
					"DEBUG=1",
					"$(inherited)",
				);
				GCC_WARN_64_TO_32_BIT_CONVERSION = YES;
				GCC_WARN_ABOUT_RETURN_TYPE = YES_ERROR;
				GCC_WARN_UNDECLARED_SELECTOR = YES;
				GCC_WARN_UNINITIALIZED_AUTOS = YES_AGGRESSIVE;
				GCC_WARN_UNUSED_FUNCTION = YES;
				GCC_WARN_UNUSED_VARIABLE = YES;
				IPHONEOS_DEPLOYMENT_TARGET = 17.4;
				LOCALIZATION_PREFERS_STRING_CATALOGS = YES;
				MTL_ENABLE_DEBUG_INFO = INCLUDE_SOURCE;
				MTL_FAST_MATH = YES;
				ONLY_ACTIVE_ARCH = YES;
				SDKROOT = iphoneos;
				SWIFT_ACTIVE_COMPILATION_CONDITIONS = "DEBUG $(inherited)";
				SWIFT_OPTIMIZATION_LEVEL = "-Onone";
				WARNING_CFLAGS = "";
			};
			name = Debug;
		};
		3F7D21622BD1458F003B3634 /* Release */ = {
			isa = XCBuildConfiguration;
			buildSettings = {
				ALWAYS_SEARCH_USER_PATHS = NO;
				ASSETCATALOG_COMPILER_GENERATE_SWIFT_ASSET_SYMBOL_EXTENSIONS = YES;
				CLANG_ANALYZER_NONNULL = YES;
				CLANG_ANALYZER_NUMBER_OBJECT_CONVERSION = YES_AGGRESSIVE;
				CLANG_CXX_LANGUAGE_STANDARD = "gnu++20";
				CLANG_ENABLE_MODULES = YES;
				CLANG_ENABLE_OBJC_ARC = YES;
				CLANG_ENABLE_OBJC_WEAK = YES;
				CLANG_WARN_BLOCK_CAPTURE_AUTORELEASING = YES;
				CLANG_WARN_BOOL_CONVERSION = YES;
				CLANG_WARN_COMMA = YES;
				CLANG_WARN_CONSTANT_CONVERSION = YES;
				CLANG_WARN_DEPRECATED_OBJC_IMPLEMENTATIONS = YES;
				CLANG_WARN_DIRECT_OBJC_ISA_USAGE = YES_ERROR;
				CLANG_WARN_DOCUMENTATION_COMMENTS = YES;
				CLANG_WARN_EMPTY_BODY = YES;
				CLANG_WARN_ENUM_CONVERSION = YES;
				CLANG_WARN_INFINITE_RECURSION = YES;
				CLANG_WARN_INT_CONVERSION = YES;
				CLANG_WARN_NON_LITERAL_NULL_CONVERSION = YES;
				CLANG_WARN_OBJC_IMPLICIT_RETAIN_SELF = YES;
				CLANG_WARN_OBJC_LITERAL_CONVERSION = YES;
				CLANG_WARN_OBJC_ROOT_CLASS = YES_ERROR;
				CLANG_WARN_QUOTED_INCLUDE_IN_FRAMEWORK_HEADER = YES;
				CLANG_WARN_RANGE_LOOP_ANALYSIS = YES;
				CLANG_WARN_STRICT_PROTOTYPES = YES;
				CLANG_WARN_SUSPICIOUS_MOVE = YES;
				CLANG_WARN_UNGUARDED_AVAILABILITY = YES_AGGRESSIVE;
				CLANG_WARN_UNREACHABLE_CODE = YES;
				CLANG_WARN__DUPLICATE_METHOD_MATCH = YES;
				COPY_PHASE_STRIP = NO;
				DEBUG_INFORMATION_FORMAT = "dwarf-with-dsym";
				ENABLE_NS_ASSERTIONS = NO;
				ENABLE_STRICT_OBJC_MSGSEND = YES;
				ENABLE_USER_SCRIPT_SANDBOXING = YES;
				GCC_C_LANGUAGE_STANDARD = gnu17;
				GCC_NO_COMMON_BLOCKS = YES;
				GCC_WARN_64_TO_32_BIT_CONVERSION = YES;
				GCC_WARN_ABOUT_RETURN_TYPE = YES_ERROR;
				GCC_WARN_UNDECLARED_SELECTOR = YES;
				GCC_WARN_UNINITIALIZED_AUTOS = YES_AGGRESSIVE;
				GCC_WARN_UNUSED_FUNCTION = YES;
				GCC_WARN_UNUSED_VARIABLE = YES;
				IPHONEOS_DEPLOYMENT_TARGET = 17.4;
				LOCALIZATION_PREFERS_STRING_CATALOGS = YES;
				MTL_ENABLE_DEBUG_INFO = NO;
				MTL_FAST_MATH = YES;
				SDKROOT = iphoneos;
				SWIFT_COMPILATION_MODE = wholemodule;
				VALIDATE_PRODUCT = YES;
				WARNING_CFLAGS = "";
			};
			name = Release;
		};
		3F7D21642BD1458F003B3634 /* Debug */ = {
			isa = XCBuildConfiguration;
			buildSettings = {
				ASSETCATALOG_COMPILER_APPICON_NAME = AppIcon;
				ASSETCATALOG_COMPILER_GLOBAL_ACCENT_COLOR_NAME = AccentColor;
				CODE_SIGN_IDENTITY = "Apple Development";
				CODE_SIGN_STYLE = Automatic;
				CURRENT_PROJECT_VERSION = 1;
				DEVELOPMENT_TEAM = 8N6D23QF8N;
				GENERATE_INFOPLIST_FILE = YES;
				INFOPLIST_FILE = Stored/Info.plist;
				INFOPLIST_KEY_NSCameraUsageDescription = "Stored would like to access your camera to scan codes";
				INFOPLIST_KEY_UIApplicationSupportsIndirectInputEvents = YES;
				INFOPLIST_KEY_UILaunchStoryboardName = LaunchScreen;
				INFOPLIST_KEY_UIMainStoryboardFile = Main;
				INFOPLIST_KEY_UISupportedInterfaceOrientations_iPad = "UIInterfaceOrientationPortrait UIInterfaceOrientationPortraitUpsideDown UIInterfaceOrientationLandscapeLeft UIInterfaceOrientationLandscapeRight";
				INFOPLIST_KEY_UISupportedInterfaceOrientations_iPhone = "UIInterfaceOrientationPortrait UIInterfaceOrientationLandscapeLeft UIInterfaceOrientationLandscapeRight";
				IPHONEOS_DEPLOYMENT_TARGET = 16.1;
				LD_RUNPATH_SEARCH_PATHS = (
					"$(inherited)",
					"@executable_path/Frameworks",
				);
				MARKETING_VERSION = 1.0;
				PRODUCT_BUNDLE_IDENTIFIER = cookies.www.Storedx;
				PRODUCT_NAME = "$(TARGET_NAME)";
				PROVISIONING_PROFILE_SPECIFIER = "";
				SWIFT_EMIT_LOC_STRINGS = YES;
				SWIFT_VERSION = 5.0;
				TARGETED_DEVICE_FAMILY = "1,2";
			};
			name = Debug;
		};
		3F7D21652BD1458F003B3634 /* Release */ = {
			isa = XCBuildConfiguration;
			buildSettings = {
				ASSETCATALOG_COMPILER_APPICON_NAME = AppIcon;
				ASSETCATALOG_COMPILER_GLOBAL_ACCENT_COLOR_NAME = AccentColor;
				CODE_SIGN_IDENTITY = "Apple Development";
				CODE_SIGN_STYLE = Automatic;
				CURRENT_PROJECT_VERSION = 1;
				DEVELOPMENT_TEAM = 8N6D23QF8N;
				GENERATE_INFOPLIST_FILE = YES;
				INFOPLIST_FILE = Stored/Info.plist;
				INFOPLIST_KEY_NSCameraUsageDescription = "Stored would like to access your camera to scan codes";
				INFOPLIST_KEY_UIApplicationSupportsIndirectInputEvents = YES;
				INFOPLIST_KEY_UILaunchStoryboardName = LaunchScreen;
				INFOPLIST_KEY_UIMainStoryboardFile = Main;
				INFOPLIST_KEY_UISupportedInterfaceOrientations_iPad = "UIInterfaceOrientationPortrait UIInterfaceOrientationPortraitUpsideDown UIInterfaceOrientationLandscapeLeft UIInterfaceOrientationLandscapeRight";
				INFOPLIST_KEY_UISupportedInterfaceOrientations_iPhone = "UIInterfaceOrientationPortrait UIInterfaceOrientationLandscapeLeft UIInterfaceOrientationLandscapeRight";
				IPHONEOS_DEPLOYMENT_TARGET = 16.1;
				LD_RUNPATH_SEARCH_PATHS = (
					"$(inherited)",
					"@executable_path/Frameworks",
				);
				MARKETING_VERSION = 1.0;
				PRODUCT_BUNDLE_IDENTIFIER = cookies.www.Storedx;
				PRODUCT_NAME = "$(TARGET_NAME)";
				PROVISIONING_PROFILE_SPECIFIER = "";
				SWIFT_EMIT_LOC_STRINGS = YES;
				SWIFT_VERSION = 5.0;
				TARGETED_DEVICE_FAMILY = "1,2";
			};
			name = Release;
		};
/* End XCBuildConfiguration section */

/* Begin XCConfigurationList section */
		3F7D214A2BD14583003B3634 /* Build configuration list for PBXProject "Stored" */ = {
			isa = XCConfigurationList;
			buildConfigurations = (
				3F7D21612BD1458F003B3634 /* Debug */,
				3F7D21622BD1458F003B3634 /* Release */,
			);
			defaultConfigurationIsVisible = 0;
			defaultConfigurationName = Release;
		};
		3F7D21632BD1458F003B3634 /* Build configuration list for PBXNativeTarget "Stored" */ = {
			isa = XCConfigurationList;
			buildConfigurations = (
				3F7D21642BD1458F003B3634 /* Debug */,
				3F7D21652BD1458F003B3634 /* Release */,
			);
			defaultConfigurationIsVisible = 0;
			defaultConfigurationName = Release;
		};
/* End XCConfigurationList section */
	};
	rootObject = 3F7D21472BD14583003B3634 /* Project object */;
}
